// !$*UTF8*$!
{
	archiveVersion = 1;
	classes = {
	};
	objectVersion = 56;
	objects = {

/* Begin PBXBuildFile section */
		BE32F8742C355BE300BDAFAB /* AppDelegate.swift in Sources */ = {isa = PBXBuildFile; fileRef = BE32F8732C355BE300BDAFAB /* AppDelegate.swift */; };
		BE32F8782C355BE300BDAFAB /* HomeVC.swift in Sources */ = {isa = PBXBuildFile; fileRef = BE32F8772C355BE300BDAFAB /* HomeVC.swift */; };
		BE32F87D2C355BE400BDAFAB /* Assets.xcassets in Resources */ = {isa = PBXBuildFile; fileRef = BE32F87C2C355BE400BDAFAB /* Assets.xcassets */; };
		BE32F8802C355BE400BDAFAB /* LaunchScreen.storyboard in Resources */ = {isa = PBXBuildFile; fileRef = BE32F87E2C355BE400BDAFAB /* LaunchScreen.storyboard */; };
		BE9445B72C357B9500330C8C /* HeaderCell.swift in Sources */ = {isa = PBXBuildFile; fileRef = BE9445B62C357B9500330C8C /* HeaderCell.swift */; };
/* End PBXBuildFile section */

/* Begin PBXFileReference section */
		BE32F8702C355BE300BDAFAB /* Compositional-Layout.app */ = {isa = PBXFileReference; explicitFileType = wrapper.application; includeInIndex = 0; path = "Compositional-Layout.app"; sourceTree = BUILT_PRODUCTS_DIR; };
		BE32F8732C355BE300BDAFAB /* AppDelegate.swift */ = {isa = PBXFileReference; lastKnownFileType = sourcecode.swift; path = AppDelegate.swift; sourceTree = "<group>"; };
		BE32F8772C355BE300BDAFAB /* HomeVC.swift */ = {isa = PBXFileReference; lastKnownFileType = sourcecode.swift; path = HomeVC.swift; sourceTree = "<group>"; };
		BE32F87C2C355BE400BDAFAB /* Assets.xcassets */ = {isa = PBXFileReference; lastKnownFileType = folder.assetcatalog; path = Assets.xcassets; sourceTree = "<group>"; };
		BE32F87F2C355BE400BDAFAB /* Base */ = {isa = PBXFileReference; lastKnownFileType = file.storyboard; name = Base; path = Base.lproj/LaunchScreen.storyboard; sourceTree = "<group>"; };
		BE32F8812C355BE400BDAFAB /* Info.plist */ = {isa = PBXFileReference; lastKnownFileType = text.plist.xml; path = Info.plist; sourceTree = "<group>"; };
		BE9445B62C357B9500330C8C /* HeaderCell.swift */ = {isa = PBXFileReference; lastKnownFileType = sourcecode.swift; path = HeaderCell.swift; sourceTree = "<group>"; };
/* End PBXFileReference section */

/* Begin PBXFrameworksBuildPhase section */
		BE32F86D2C355BE300BDAFAB /* Frameworks */ = {
			isa = PBXFrameworksBuildPhase;
			buildActionMask = 2147483647;
			files = (
			);
			runOnlyForDeploymentPostprocessing = 0;
		};
/* End PBXFrameworksBuildPhase section */

/* Begin PBXGroup section */
		BE32F8672C355BE300BDAFAB = {
			isa = PBXGroup;
			children = (
				BE32F8722C355BE300BDAFAB /* Compositional-Layout */,
				BE32F8712C355BE300BDAFAB /* Products */,
			);
			sourceTree = "<group>";
		};
		BE32F8712C355BE300BDAFAB /* Products */ = {
			isa = PBXGroup;
			children = (
				BE32F8702C355BE300BDAFAB /* Compositional-Layout.app */,
			);
			name = Products;
			sourceTree = "<group>";
		};
		BE32F8722C355BE300BDAFAB /* Compositional-Layout */ = {
			isa = PBXGroup;
			children = (
				BE32F8892C355C3E00BDAFAB /* Scenes */,
				BE32F8872C355C1100BDAFAB /* Files */,
			);
			path = "Compositional-Layout";
			sourceTree = "<group>";
		};
		BE32F8872C355C1100BDAFAB /* Files */ = {
			isa = PBXGroup;
			children = (
				BE32F8732C355BE300BDAFAB /* AppDelegate.swift */,
				BE32F87C2C355BE400BDAFAB /* Assets.xcassets */,
				BE32F87E2C355BE400BDAFAB /* LaunchScreen.storyboard */,
				BE32F8812C355BE400BDAFAB /* Info.plist */,
			);
			name = Files;
			sourceTree = "<group>";
		};
		BE32F8892C355C3E00BDAFAB /* Scenes */ = {
			isa = PBXGroup;
			children = (
				BE9445B82C357F0600330C8C /* AppStore */,
			);
			path = Scenes;
			sourceTree = "<group>";
		};
		BE9445B52C357B8900330C8C /* Cell */ = {
			isa = PBXGroup;
			children = (
				BE9445B62C357B9500330C8C /* HeaderCell.swift */,
			);
			path = Cell;
			sourceTree = "<group>";
		};
		BE9445B82C357F0600330C8C /* AppStore */ = {
			isa = PBXGroup;
			children = (
				BE9445B52C357B8900330C8C /* Cell */,
				BE32F8772C355BE300BDAFAB /* HomeVC.swift */,
			);
			path = AppStore;
			sourceTree = "<group>";
		};
/* End PBXGroup section */

/* Begin PBXNativeTarget section */
		BE32F86F2C355BE300BDAFAB /* Compositional-Layout */ = {
			isa = PBXNativeTarget;
			buildConfigurationList = BE32F8842C355BE400BDAFAB /* Build configuration list for PBXNativeTarget "Compositional-Layout" */;
			buildPhases = (
				BE32F86C2C355BE300BDAFAB /* Sources */,
				BE32F86D2C355BE300BDAFAB /* Frameworks */,
				BE32F86E2C355BE300BDAFAB /* Resources */,
			);
			buildRules = (
			);
			dependencies = (
			);
			name = "Compositional-Layout";
			productName = "Compositional-Layout";
			productReference = BE32F8702C355BE300BDAFAB /* Compositional-Layout.app */;
			productType = "com.apple.product-type.application";
		};
/* End PBXNativeTarget section */

/* Begin PBXProject section */
		BE32F8682C355BE300BDAFAB /* Project object */ = {
			isa = PBXProject;
			attributes = {
				BuildIndependentTargetsInParallel = 1;
				LastSwiftUpdateCheck = 1520;
				LastUpgradeCheck = 1520;
				TargetAttributes = {
					BE32F86F2C355BE300BDAFAB = {
						CreatedOnToolsVersion = 15.2;
					};
				};
			};
			buildConfigurationList = BE32F86B2C355BE300BDAFAB /* Build configuration list for PBXProject "Compositional-Layout" */;
			compatibilityVersion = "Xcode 14.0";
			developmentRegion = en;
			hasScannedForEncodings = 0;
			knownRegions = (
				en,
				Base,
			);
			mainGroup = BE32F8672C355BE300BDAFAB;
			productRefGroup = BE32F8712C355BE300BDAFAB /* Products */;
			projectDirPath = "";
			projectRoot = "";
			targets = (
				BE32F86F2C355BE300BDAFAB /* Compositional-Layout */,
			);
		};
/* End PBXProject section */

/* Begin PBXResourcesBuildPhase section */
		BE32F86E2C355BE300BDAFAB /* Resources */ = {
			isa = PBXResourcesBuildPhase;
			buildActionMask = 2147483647;
			files = (
				BE32F8802C355BE400BDAFAB /* LaunchScreen.storyboard in Resources */,
				BE32F87D2C355BE400BDAFAB /* Assets.xcassets in Resources */,
			);
			runOnlyForDeploymentPostprocessing = 0;
		};
/* End PBXResourcesBuildPhase section */

/* Begin PBXSourcesBuildPhase section */
		BE32F86C2C355BE300BDAFAB /* Sources */ = {
			isa = PBXSourcesBuildPhase;
			buildActionMask = 2147483647;
			files = (
				BE32F8782C355BE300BDAFAB /* HomeVC.swift in Sources */,
				BE9445B72C357B9500330C8C /* HeaderCell.swift in Sources */,
				BE32F8742C355BE300BDAFAB /* AppDelegate.swift in Sources */,
			);
			runOnlyForDeploymentPostprocessing = 0;
		};
/* End PBXSourcesBuildPhase section */

/* Begin PBXVariantGroup section */
		BE32F87E2C355BE400BDAFAB /* LaunchScreen.storyboard */ = {
			isa = PBXVariantGroup;
			children = (
				BE32F87F2C355BE400BDAFAB /* Base */,
			);
			name = LaunchScreen.storyboard;
			sourceTree = "<group>";
		};
/* End PBXVariantGroup section */

/* Begin XCBuildConfiguration section */
		BE32F8822C355BE400BDAFAB /* Debug */ = {
			isa = XCBuildConfiguration;
			buildSettings = {
				ALWAYS_SEARCH_USER_PATHS = NO;
				ASSETCATALOG_COMPILER_GENERATE_SWIFT_ASSET_SYMBOL_EXTENSIONS = YES;
				CLANG_ANALYZER_NONNULL = YES;
				CLANG_ANALYZER_NUMBER_OBJECT_CONVERSION = YES_AGGRESSIVE;
				CLANG_CXX_LANGUAGE_STANDARD = "gnu++20";
				CLANG_ENABLE_MODULES = YES;
				CLANG_ENABLE_OBJC_ARC = YES;
				CLANG_ENABLE_OBJC_WEAK = YES;
				CLANG_WARN_BLOCK_CAPTURE_AUTORELEASING = YES;
				CLANG_WARN_BOOL_CONVERSION = YES;
				CLANG_WARN_COMMA = YES;
				CLANG_WARN_CONSTANT_CONVERSION = YES;
				CLANG_WARN_DEPRECATED_OBJC_IMPLEMENTATIONS = YES;
				CLANG_WARN_DIRECT_OBJC_ISA_USAGE = YES_ERROR;
				CLANG_WARN_DOCUMENTATION_COMMENTS = YES;
				CLANG_WARN_EMPTY_BODY = YES;
				CLANG_WARN_ENUM_CONVERSION = YES;
				CLANG_WARN_INFINITE_RECURSION = YES;
				CLANG_WARN_INT_CONVERSION = YES;
				CLANG_WARN_NON_LITERAL_NULL_CONVERSION = YES;
				CLANG_WARN_OBJC_IMPLICIT_RETAIN_SELF = YES;
				CLANG_WARN_OBJC_LITERAL_CONVERSION = YES;
				CLANG_WARN_OBJC_ROOT_CLASS = YES_ERROR;
				CLANG_WARN_QUOTED_INCLUDE_IN_FRAMEWORK_HEADER = YES;
				CLANG_WARN_RANGE_LOOP_ANALYSIS = YES;
				CLANG_WARN_STRICT_PROTOTYPES = YES;
				CLANG_WARN_SUSPICIOUS_MOVE = YES;
				CLANG_WARN_UNGUARDED_AVAILABILITY = YES_AGGRESSIVE;
				CLANG_WARN_UNREACHABLE_CODE = YES;
				CLANG_WARN__DUPLICATE_METHOD_MATCH = YES;
				COPY_PHASE_STRIP = NO;
				DEBUG_INFORMATION_FORMAT = dwarf;
				ENABLE_STRICT_OBJC_MSGSEND = YES;
				ENABLE_TESTABILITY = YES;
				ENABLE_USER_SCRIPT_SANDBOXING = YES;
				GCC_C_LANGUAGE_STANDARD = gnu17;
				GCC_DYNAMIC_NO_PIC = NO;
				GCC_NO_COMMON_BLOCKS = YES;
				GCC_OPTIMIZATION_LEVEL = 0;
				GCC_PREPROCESSOR_DEFINITIONS = (
					"DEBUG=1",
					"$(inherited)",
				);
				GCC_WARN_64_TO_32_BIT_CONVERSION = YES;
				GCC_WARN_ABOUT_RETURN_TYPE = YES_ERROR;
				GCC_WARN_UNDECLARED_SELECTOR = YES;
				GCC_WARN_UNINITIALIZED_AUTOS = YES_AGGRESSIVE;
				GCC_WARN_UNUSED_FUNCTION = YES;
				GCC_WARN_UNUSED_VARIABLE = YES;
				IPHONEOS_DEPLOYMENT_TARGET = 17.2;
				LOCALIZATION_PREFERS_STRING_CATALOGS = YES;
				MTL_ENABLE_DEBUG_INFO = INCLUDE_SOURCE;
				MTL_FAST_MATH = YES;
				ONLY_ACTIVE_ARCH = YES;
				SDKROOT = iphoneos;
				SWIFT_ACTIVE_COMPILATION_CONDITIONS = "DEBUG $(inherited)";
				SWIFT_OPTIMIZATION_LEVEL = "-Onone";
			};
			name = Debug;
		};
		BE32F8832C355BE400BDAFAB /* Release */ = {
			isa = XCBuildConfiguration;
			buildSettings = {
				ALWAYS_SEARCH_USER_PATHS = NO;
				ASSETCATALOG_COMPILER_GENERATE_SWIFT_ASSET_SYMBOL_EXTENSIONS = YES;
				CLANG_ANALYZER_NONNULL = YES;
				CLANG_ANALYZER_NUMBER_OBJECT_CONVERSION = YES_AGGRESSIVE;
				CLANG_CXX_LANGUAGE_STANDARD = "gnu++20";
				CLANG_ENABLE_MODULES = YES;
				CLANG_ENABLE_OBJC_ARC = YES;
				CLANG_ENABLE_OBJC_WEAK = YES;
				CLANG_WARN_BLOCK_CAPTURE_AUTORELEASING = YES;
				CLANG_WARN_BOOL_CONVERSION = YES;
				CLANG_WARN_COMMA = YES;
				CLANG_WARN_CONSTANT_CONVERSION = YES;
				CLANG_WARN_DEPRECATED_OBJC_IMPLEMENTATIONS = YES;
				CLANG_WARN_DIRECT_OBJC_ISA_USAGE = YES_ERROR;
				CLANG_WARN_DOCUMENTATION_COMMENTS = YES;
				CLANG_WARN_EMPTY_BODY = YES;
				CLANG_WARN_ENUM_CONVERSION = YES;
				CLANG_WARN_INFINITE_RECURSION = YES;
				CLANG_WARN_INT_CONVERSION = YES;
				CLANG_WARN_NON_LITERAL_NULL_CONVERSION = YES;
				CLANG_WARN_OBJC_IMPLICIT_RETAIN_SELF = YES;
				CLANG_WARN_OBJC_LITERAL_CONVERSION = YES;
				CLANG_WARN_OBJC_ROOT_CLASS = YES_ERROR;
				CLANG_WARN_QUOTED_INCLUDE_IN_FRAMEWORK_HEADER = YES;
				CLANG_WARN_RANGE_LOOP_ANALYSIS = YES;
				CLANG_WARN_STRICT_PROTOTYPES = YES;
				CLANG_WARN_SUSPICIOUS_MOVE = YES;
				CLANG_WARN_UNGUARDED_AVAILABILITY = YES_AGGRESSIVE;
				CLANG_WARN_UNREACHABLE_CODE = YES;
				CLANG_WARN__DUPLICATE_METHOD_MATCH = YES;
				COPY_PHASE_STRIP = NO;
				DEBUG_INFORMATION_FORMAT = "dwarf-with-dsym";
				ENABLE_NS_ASSERTIONS = NO;
				ENABLE_STRICT_OBJC_MSGSEND = YES;
				ENABLE_USER_SCRIPT_SANDBOXING = YES;
				GCC_C_LANGUAGE_STANDARD = gnu17;
				GCC_NO_COMMON_BLOCKS = YES;
				GCC_WARN_64_TO_32_BIT_CONVERSION = YES;
				GCC_WARN_ABOUT_RETURN_TYPE = YES_ERROR;
				GCC_WARN_UNDECLARED_SELECTOR = YES;
				GCC_WARN_UNINITIALIZED_AUTOS = YES_AGGRESSIVE;
				GCC_WARN_UNUSED_FUNCTION = YES;
				GCC_WARN_UNUSED_VARIABLE = YES;
				IPHONEOS_DEPLOYMENT_TARGET = 17.2;
				LOCALIZATION_PREFERS_STRING_CATALOGS = YES;
				MTL_ENABLE_DEBUG_INFO = NO;
				MTL_FAST_MATH = YES;
				SDKROOT = iphoneos;
				SWIFT_COMPILATION_MODE = wholemodule;
				VALIDATE_PRODUCT = YES;
			};
			name = Release;
		};
		BE32F8852C355BE400BDAFAB /* Debug */ = {
			isa = XCBuildConfiguration;
			buildSettings = {
				ASSETCATALOG_COMPILER_APPICON_NAME = AppIcon;
				ASSETCATALOG_COMPILER_GLOBAL_ACCENT_COLOR_NAME = AccentColor;
				CODE_SIGN_STYLE = Automatic;
				CURRENT_PROJECT_VERSION = 1;
				DEVELOPMENT_TEAM = 9N2C3RSUH8;
				GENERATE_INFOPLIST_FILE = YES;
				INFOPLIST_FILE = "Compositional-Layout/Info.plist";
				INFOPLIST_KEY_UIApplicationSupportsIndirectInputEvents = YES;
				INFOPLIST_KEY_UILaunchStoryboardName = LaunchScreen;
				INFOPLIST_KEY_UISupportedInterfaceOrientations_iPad = "UIInterfaceOrientationPortrait UIInterfaceOrientationPortraitUpsideDown UIInterfaceOrientationLandscapeLeft UIInterfaceOrientationLandscapeRight";
				INFOPLIST_KEY_UISupportedInterfaceOrientations_iPhone = "UIInterfaceOrientationPortrait UIInterfaceOrientationLandscapeLeft UIInterfaceOrientationLandscapeRight";
				LD_RUNPATH_SEARCH_PATHS = (
					"$(inherited)",
					"@executable_path/Frameworks",
				);
				MARKETING_VERSION = 1.0;
				PRODUCT_BUNDLE_IDENTIFIER = "com.iosdevbaran.Compositional-Layout";
				PRODUCT_NAME = "$(TARGET_NAME)";
				SWIFT_EMIT_LOC_STRINGS = YES;
				SWIFT_VERSION = 5.0;
				TARGETED_DEVICE_FAMILY = "1,2";
			};
			name = Debug;
		};
		BE32F8862C355BE400BDAFAB /* Release */ = {
			isa = XCBuildConfiguration;
			buildSettings = {
				ASSETCATALOG_COMPILER_APPICON_NAME = AppIcon;
				ASSETCATALOG_COMPILER_GLOBAL_ACCENT_COLOR_NAME = AccentColor;
				CODE_SIGN_STYLE = Automatic;
				CURRENT_PROJECT_VERSION = 1;
				DEVELOPMENT_TEAM = 9N2C3RSUH8;
				GENERATE_INFOPLIST_FILE = YES;
				INFOPLIST_FILE = "Compositional-Layout/Info.plist";
				INFOPLIST_KEY_UIApplicationSupportsIndirectInputEvents = YES;
				INFOPLIST_KEY_UILaunchStoryboardName = LaunchScreen;
				INFOPLIST_KEY_UISupportedInterfaceOrientations_iPad = "UIInterfaceOrientationPortrait UIInterfaceOrientationPortraitUpsideDown UIInterfaceOrientationLandscapeLeft UIInterfaceOrientationLandscapeRight";
				INFOPLIST_KEY_UISupportedInterfaceOrientations_iPhone = "UIInterfaceOrientationPortrait UIInterfaceOrientationLandscapeLeft UIInterfaceOrientationLandscapeRight";
				LD_RUNPATH_SEARCH_PATHS = (
					"$(inherited)",
					"@executable_path/Frameworks",
				);
				MARKETING_VERSION = 1.0;
				PRODUCT_BUNDLE_IDENTIFIER = "com.iosdevbaran.Compositional-Layout";
				PRODUCT_NAME = "$(TARGET_NAME)";
				SWIFT_EMIT_LOC_STRINGS = YES;
				SWIFT_VERSION = 5.0;
				TARGETED_DEVICE_FAMILY = "1,2";
			};
			name = Release;
		};
/* End XCBuildConfiguration section */

/* Begin XCConfigurationList section */
		BE32F86B2C355BE300BDAFAB /* Build configuration list for PBXProject "Compositional-Layout" */ = {
			isa = XCConfigurationList;
			buildConfigurations = (
				BE32F8822C355BE400BDAFAB /* Debug */,
				BE32F8832C355BE400BDAFAB /* Release */,
			);
			defaultConfigurationIsVisible = 0;
			defaultConfigurationName = Release;
		};
		BE32F8842C355BE400BDAFAB /* Build configuration list for PBXNativeTarget "Compositional-Layout" */ = {
			isa = XCConfigurationList;
			buildConfigurations = (
				BE32F8852C355BE400BDAFAB /* Debug */,
				BE32F8862C355BE400BDAFAB /* Release */,
			);
			defaultConfigurationIsVisible = 0;
			defaultConfigurationName = Release;
		};
/* End XCConfigurationList section */
	};
	rootObject = BE32F8682C355BE300BDAFAB /* Project object */;
}
