// !$*UTF8*$!
{
	archiveVersion = 1;
	classes = {
	};
	objectVersion = 56;
	objects = {

/* Begin PBXBuildFile section */
		BED432382BDE80C60000C7C6 /* AppDelegate.swift in Sources */ = {isa = PBXBuildFile; fileRef = BED432372BDE80C60000C7C6 /* AppDelegate.swift */; };
		BED432412BDE80C70000C7C6 /* Assets.xcassets in Resources */ = {isa = PBXBuildFile; fileRef = BED432402BDE80C70000C7C6 /* Assets.xcassets */; };
		BED432442BDE80C70000C7C6 /* LaunchScreen.storyboard in Resources */ = {isa = PBXBuildFile; fileRef = BED432422BDE80C70000C7C6 /* LaunchScreen.storyboard */; };
		BED4324E2BDE819F0000C7C6 /* APIManager.swift in Sources */ = {isa = PBXBuildFile; fileRef = BED4324D2BDE819F0000C7C6 /* APIManager.swift */; };
		BED432512BDE81C90000C7C6 /* UserResponse.swift in Sources */ = {isa = PBXBuildFile; fileRef = BED432502BDE81C90000C7C6 /* UserResponse.swift */; };
		BED432532BDE81EC0000C7C6 /* UserViewModel.swift in Sources */ = {isa = PBXBuildFile; fileRef = BED432522BDE81EC0000C7C6 /* UserViewModel.swift */; };
		BED432552BDE82030000C7C6 /* UserViewController.swift in Sources */ = {isa = PBXBuildFile; fileRef = BED432542BDE82030000C7C6 /* UserViewController.swift */; };
/* End PBXBuildFile section */

/* Begin PBXFileReference section */
		BED432342BDE80C60000C7C6 /* MVVMProtocolOriented.app */ = {isa = PBXFileReference; explicitFileType = wrapper.application; includeInIndex = 0; path = MVVMProtocolOriented.app; sourceTree = BUILT_PRODUCTS_DIR; };
		BED432372BDE80C60000C7C6 /* AppDelegate.swift */ = {isa = PBXFileReference; lastKnownFileType = sourcecode.swift; path = AppDelegate.swift; sourceTree = "<group>"; };
		BED432402BDE80C70000C7C6 /* Assets.xcassets */ = {isa = PBXFileReference; lastKnownFileType = folder.assetcatalog; path = Assets.xcassets; sourceTree = "<group>"; };
		BED432432BDE80C70000C7C6 /* Base */ = {isa = PBXFileReference; lastKnownFileType = file.storyboard; name = Base; path = Base.lproj/LaunchScreen.storyboard; sourceTree = "<group>"; };
		BED432452BDE80C70000C7C6 /* Info.plist */ = {isa = PBXFileReference; lastKnownFileType = text.plist.xml; path = Info.plist; sourceTree = "<group>"; };
		BED4324D2BDE819F0000C7C6 /* APIManager.swift */ = {isa = PBXFileReference; lastKnownFileType = sourcecode.swift; path = APIManager.swift; sourceTree = "<group>"; };
		BED432502BDE81C90000C7C6 /* UserResponse.swift */ = {isa = PBXFileReference; lastKnownFileType = sourcecode.swift; path = UserResponse.swift; sourceTree = "<group>"; };
		BED432522BDE81EC0000C7C6 /* UserViewModel.swift */ = {isa = PBXFileReference; lastKnownFileType = sourcecode.swift; path = UserViewModel.swift; sourceTree = "<group>"; };
		BED432542BDE82030000C7C6 /* UserViewController.swift */ = {isa = PBXFileReference; lastKnownFileType = sourcecode.swift; path = UserViewController.swift; sourceTree = "<group>"; };
/* End PBXFileReference section */

/* Begin PBXFrameworksBuildPhase section */
		BED432312BDE80C60000C7C6 /* Frameworks */ = {
			isa = PBXFrameworksBuildPhase;
			buildActionMask = 2147483647;
			files = (
			);
			runOnlyForDeploymentPostprocessing = 0;
		};
/* End PBXFrameworksBuildPhase section */

/* Begin PBXGroup section */
		BED4322B2BDE80C60000C7C6 = {
			isa = PBXGroup;
			children = (
				BED432362BDE80C60000C7C6 /* MVVMProtocolOriented */,
				BED432352BDE80C60000C7C6 /* Products */,
			);
			sourceTree = "<group>";
		};
		BED432352BDE80C60000C7C6 /* Products */ = {
			isa = PBXGroup;
			children = (
				BED432342BDE80C60000C7C6 /* MVVMProtocolOriented.app */,
			);
			name = Products;
			sourceTree = "<group>";
		};
		BED432362BDE80C60000C7C6 /* MVVMProtocolOriented */ = {
			isa = PBXGroup;
			children = (
				BED4324F2BDE81B20000C7C6 /* Model */,
				BED4324C2BDE81920000C7C6 /* Manager */,
				BED432562BDE828C0000C7C6 /* ViewModel */,
				BED432572BDE82930000C7C6 /* View */,
				BED4324B2BDE81200000C7C6 /* Files */,
			);
			path = MVVMProtocolOriented;
			sourceTree = "<group>";
		};
		BED4324B2BDE81200000C7C6 /* Files */ = {
			isa = PBXGroup;
			children = (
				BED432372BDE80C60000C7C6 /* AppDelegate.swift */,
				BED432402BDE80C70000C7C6 /* Assets.xcassets */,
				BED432422BDE80C70000C7C6 /* LaunchScreen.storyboard */,
				BED432452BDE80C70000C7C6 /* Info.plist */,
			);
			path = Files;
			sourceTree = "<group>";
		};
		BED4324C2BDE81920000C7C6 /* Manager */ = {
			isa = PBXGroup;
			children = (
				BED4324D2BDE819F0000C7C6 /* APIManager.swift */,
			);
			path = Manager;
			sourceTree = "<group>";
		};
		BED4324F2BDE81B20000C7C6 /* Model */ = {
			isa = PBXGroup;
			children = (
				BED432502BDE81C90000C7C6 /* UserResponse.swift */,
			);
			path = Model;
			sourceTree = "<group>";
		};
		BED432562BDE828C0000C7C6 /* ViewModel */ = {
			isa = PBXGroup;
			children = (
				BED432522BDE81EC0000C7C6 /* UserViewModel.swift */,
			);
			path = ViewModel;
			sourceTree = "<group>";
		};
		BED432572BDE82930000C7C6 /* View */ = {
			isa = PBXGroup;
			children = (
				BED432542BDE82030000C7C6 /* UserViewController.swift */,
			);
			path = View;
			sourceTree = "<group>";
		};
/* End PBXGroup section */

/* Begin PBXNativeTarget section */
		BED432332BDE80C60000C7C6 /* MVVMProtocolOriented */ = {
			isa = PBXNativeTarget;
			buildConfigurationList = BED432482BDE80C70000C7C6 /* Build configuration list for PBXNativeTarget "MVVMProtocolOriented" */;
			buildPhases = (
				BED432302BDE80C60000C7C6 /* Sources */,
				BED432312BDE80C60000C7C6 /* Frameworks */,
				BED432322BDE80C60000C7C6 /* Resources */,
			);
			buildRules = (
			);
			dependencies = (
			);
			name = MVVMProtocolOriented;
			productName = MVVMProtocolOriented;
			productReference = BED432342BDE80C60000C7C6 /* MVVMProtocolOriented.app */;
			productType = "com.apple.product-type.application";
		};
/* End PBXNativeTarget section */

/* Begin PBXProject section */
		BED4322C2BDE80C60000C7C6 /* Project object */ = {
			isa = PBXProject;
			attributes = {
				BuildIndependentTargetsInParallel = 1;
				LastSwiftUpdateCheck = 1520;
				LastUpgradeCheck = 1520;
				TargetAttributes = {
					BED432332BDE80C60000C7C6 = {
						CreatedOnToolsVersion = 15.2;
					};
				};
			};
			buildConfigurationList = BED4322F2BDE80C60000C7C6 /* Build configuration list for PBXProject "MVVMProtocolOriented" */;
			compatibilityVersion = "Xcode 14.0";
			developmentRegion = en;
			hasScannedForEncodings = 0;
			knownRegions = (
				en,
				Base,
			);
			mainGroup = BED4322B2BDE80C60000C7C6;
			productRefGroup = BED432352BDE80C60000C7C6 /* Products */;
			projectDirPath = "";
			projectRoot = "";
			targets = (
				BED432332BDE80C60000C7C6 /* MVVMProtocolOriented */,
			);
		};
/* End PBXProject section */

/* Begin PBXResourcesBuildPhase section */
		BED432322BDE80C60000C7C6 /* Resources */ = {
			isa = PBXResourcesBuildPhase;
			buildActionMask = 2147483647;
			files = (
				BED432442BDE80C70000C7C6 /* LaunchScreen.storyboard in Resources */,
				BED432412BDE80C70000C7C6 /* Assets.xcassets in Resources */,
			);
			runOnlyForDeploymentPostprocessing = 0;
		};
/* End PBXResourcesBuildPhase section */

/* Begin PBXSourcesBuildPhase section */
		BED432302BDE80C60000C7C6 /* Sources */ = {
			isa = PBXSourcesBuildPhase;
			buildActionMask = 2147483647;
			files = (
				BED4324E2BDE819F0000C7C6 /* APIManager.swift in Sources */,
				BED432552BDE82030000C7C6 /* UserViewController.swift in Sources */,
				BED432382BDE80C60000C7C6 /* AppDelegate.swift in Sources */,
				BED432532BDE81EC0000C7C6 /* UserViewModel.swift in Sources */,
				BED432512BDE81C90000C7C6 /* UserResponse.swift in Sources */,
			);
			runOnlyForDeploymentPostprocessing = 0;
		};
/* End PBXSourcesBuildPhase section */

/* Begin PBXVariantGroup section */
		BED432422BDE80C70000C7C6 /* LaunchScreen.storyboard */ = {
			isa = PBXVariantGroup;
			children = (
				BED432432BDE80C70000C7C6 /* Base */,
			);
			name = LaunchScreen.storyboard;
			sourceTree = "<group>";
		};
/* End PBXVariantGroup section */

/* Begin XCBuildConfiguration section */
		BED432462BDE80C70000C7C6 /* Debug */ = {
			isa = XCBuildConfiguration;
			buildSettings = {
				ALWAYS_SEARCH_USER_PATHS = NO;
				ASSETCATALOG_COMPILER_GENERATE_SWIFT_ASSET_SYMBOL_EXTENSIONS = YES;
				CLANG_ANALYZER_NONNULL = YES;
				CLANG_ANALYZER_NUMBER_OBJECT_CONVERSION = YES_AGGRESSIVE;
				CLANG_CXX_LANGUAGE_STANDARD = "gnu++20";
				CLANG_ENABLE_MODULES = YES;
				CLANG_ENABLE_OBJC_ARC = YES;
				CLANG_ENABLE_OBJC_WEAK = YES;
				CLANG_WARN_BLOCK_CAPTURE_AUTORELEASING = YES;
				CLANG_WARN_BOOL_CONVERSION = YES;
				CLANG_WARN_COMMA = YES;
				CLANG_WARN_CONSTANT_CONVERSION = YES;
				CLANG_WARN_DEPRECATED_OBJC_IMPLEMENTATIONS = YES;
				CLANG_WARN_DIRECT_OBJC_ISA_USAGE = YES_ERROR;
				CLANG_WARN_DOCUMENTATION_COMMENTS = YES;
				CLANG_WARN_EMPTY_BODY = YES;
				CLANG_WARN_ENUM_CONVERSION = YES;
				CLANG_WARN_INFINITE_RECURSION = YES;
				CLANG_WARN_INT_CONVERSION = YES;
				CLANG_WARN_NON_LITERAL_NULL_CONVERSION = YES;
				CLANG_WARN_OBJC_IMPLICIT_RETAIN_SELF = YES;
				CLANG_WARN_OBJC_LITERAL_CONVERSION = YES;
				CLANG_WARN_OBJC_ROOT_CLASS = YES_ERROR;
				CLANG_WARN_QUOTED_INCLUDE_IN_FRAMEWORK_HEADER = YES;
				CLANG_WARN_RANGE_LOOP_ANALYSIS = YES;
				CLANG_WARN_STRICT_PROTOTYPES = YES;
				CLANG_WARN_SUSPICIOUS_MOVE = YES;
				CLANG_WARN_UNGUARDED_AVAILABILITY = YES_AGGRESSIVE;
				CLANG_WARN_UNREACHABLE_CODE = YES;
				CLANG_WARN__DUPLICATE_METHOD_MATCH = YES;
				COPY_PHASE_STRIP = NO;
				DEBUG_INFORMATION_FORMAT = dwarf;
				ENABLE_STRICT_OBJC_MSGSEND = YES;
				ENABLE_TESTABILITY = YES;
				ENABLE_USER_SCRIPT_SANDBOXING = YES;
				GCC_C_LANGUAGE_STANDARD = gnu17;
				GCC_DYNAMIC_NO_PIC = NO;
				GCC_NO_COMMON_BLOCKS = YES;
				GCC_OPTIMIZATION_LEVEL = 0;
				GCC_PREPROCESSOR_DEFINITIONS = (
					"DEBUG=1",
					"$(inherited)",
				);
				GCC_WARN_64_TO_32_BIT_CONVERSION = YES;
				GCC_WARN_ABOUT_RETURN_TYPE = YES_ERROR;
				GCC_WARN_UNDECLARED_SELECTOR = YES;
				GCC_WARN_UNINITIALIZED_AUTOS = YES_AGGRESSIVE;
				GCC_WARN_UNUSED_FUNCTION = YES;
				GCC_WARN_UNUSED_VARIABLE = YES;
				IPHONEOS_DEPLOYMENT_TARGET = 17.2;
				LOCALIZATION_PREFERS_STRING_CATALOGS = YES;
				MTL_ENABLE_DEBUG_INFO = INCLUDE_SOURCE;
				MTL_FAST_MATH = YES;
				ONLY_ACTIVE_ARCH = YES;
				SDKROOT = iphoneos;
				SWIFT_ACTIVE_COMPILATION_CONDITIONS = "DEBUG $(inherited)";
				SWIFT_OPTIMIZATION_LEVEL = "-Onone";
			};
			name = Debug;
		};
		BED432472BDE80C70000C7C6 /* Release */ = {
			isa = XCBuildConfiguration;
			buildSettings = {
				ALWAYS_SEARCH_USER_PATHS = NO;
				ASSETCATALOG_COMPILER_GENERATE_SWIFT_ASSET_SYMBOL_EXTENSIONS = YES;
				CLANG_ANALYZER_NONNULL = YES;
				CLANG_ANALYZER_NUMBER_OBJECT_CONVERSION = YES_AGGRESSIVE;
				CLANG_CXX_LANGUAGE_STANDARD = "gnu++20";
				CLANG_ENABLE_MODULES = YES;
				CLANG_ENABLE_OBJC_ARC = YES;
				CLANG_ENABLE_OBJC_WEAK = YES;
				CLANG_WARN_BLOCK_CAPTURE_AUTORELEASING = YES;
				CLANG_WARN_BOOL_CONVERSION = YES;
				CLANG_WARN_COMMA = YES;
				CLANG_WARN_CONSTANT_CONVERSION = YES;
				CLANG_WARN_DEPRECATED_OBJC_IMPLEMENTATIONS = YES;
				CLANG_WARN_DIRECT_OBJC_ISA_USAGE = YES_ERROR;
				CLANG_WARN_DOCUMENTATION_COMMENTS = YES;
				CLANG_WARN_EMPTY_BODY = YES;
				CLANG_WARN_ENUM_CONVERSION = YES;
				CLANG_WARN_INFINITE_RECURSION = YES;
				CLANG_WARN_INT_CONVERSION = YES;
				CLANG_WARN_NON_LITERAL_NULL_CONVERSION = YES;
				CLANG_WARN_OBJC_IMPLICIT_RETAIN_SELF = YES;
				CLANG_WARN_OBJC_LITERAL_CONVERSION = YES;
				CLANG_WARN_OBJC_ROOT_CLASS = YES_ERROR;
				CLANG_WARN_QUOTED_INCLUDE_IN_FRAMEWORK_HEADER = YES;
				CLANG_WARN_RANGE_LOOP_ANALYSIS = YES;
				CLANG_WARN_STRICT_PROTOTYPES = YES;
				CLANG_WARN_SUSPICIOUS_MOVE = YES;
				CLANG_WARN_UNGUARDED_AVAILABILITY = YES_AGGRESSIVE;
				CLANG_WARN_UNREACHABLE_CODE = YES;
				CLANG_WARN__DUPLICATE_METHOD_MATCH = YES;
				COPY_PHASE_STRIP = NO;
				DEBUG_INFORMATION_FORMAT = "dwarf-with-dsym";
				ENABLE_NS_ASSERTIONS = NO;
				ENABLE_STRICT_OBJC_MSGSEND = YES;
				ENABLE_USER_SCRIPT_SANDBOXING = YES;
				GCC_C_LANGUAGE_STANDARD = gnu17;
				GCC_NO_COMMON_BLOCKS = YES;
				GCC_WARN_64_TO_32_BIT_CONVERSION = YES;
				GCC_WARN_ABOUT_RETURN_TYPE = YES_ERROR;
				GCC_WARN_UNDECLARED_SELECTOR = YES;
				GCC_WARN_UNINITIALIZED_AUTOS = YES_AGGRESSIVE;
				GCC_WARN_UNUSED_FUNCTION = YES;
				GCC_WARN_UNUSED_VARIABLE = YES;
				IPHONEOS_DEPLOYMENT_TARGET = 17.2;
				LOCALIZATION_PREFERS_STRING_CATALOGS = YES;
				MTL_ENABLE_DEBUG_INFO = NO;
				MTL_FAST_MATH = YES;
				SDKROOT = iphoneos;
				SWIFT_COMPILATION_MODE = wholemodule;
				VALIDATE_PRODUCT = YES;
			};
			name = Release;
		};
		BED432492BDE80C70000C7C6 /* Debug */ = {
			isa = XCBuildConfiguration;
			buildSettings = {
				ASSETCATALOG_COMPILER_APPICON_NAME = AppIcon;
				ASSETCATALOG_COMPILER_GLOBAL_ACCENT_COLOR_NAME = AccentColor;
				CODE_SIGN_STYLE = Automatic;
				CURRENT_PROJECT_VERSION = 1;
				DEVELOPMENT_TEAM = 9N2C3RSUH8;
				GENERATE_INFOPLIST_FILE = YES;
				INFOPLIST_FILE = MVVMProtocolOriented/Files/Info.plist;
				INFOPLIST_KEY_UIApplicationSupportsIndirectInputEvents = YES;
				INFOPLIST_KEY_UILaunchStoryboardName = LaunchScreen;
				INFOPLIST_KEY_UISupportedInterfaceOrientations_iPad = "UIInterfaceOrientationPortrait UIInterfaceOrientationPortraitUpsideDown UIInterfaceOrientationLandscapeLeft UIInterfaceOrientationLandscapeRight";
				INFOPLIST_KEY_UISupportedInterfaceOrientations_iPhone = "UIInterfaceOrientationPortrait UIInterfaceOrientationLandscapeLeft UIInterfaceOrientationLandscapeRight";
				LD_RUNPATH_SEARCH_PATHS = (
					"$(inherited)",
					"@executable_path/Frameworks",
				);
				MARKETING_VERSION = 1.0;
				PRODUCT_BUNDLE_IDENTIFIER = com.iosdevbaran.MVVMProtocolOriented;
				PRODUCT_NAME = "$(TARGET_NAME)";
				SWIFT_EMIT_LOC_STRINGS = YES;
				SWIFT_VERSION = 5.0;
				TARGETED_DEVICE_FAMILY = "1,2";
			};
			name = Debug;
		};
		BED4324A2BDE80C70000C7C6 /* Release */ = {
			isa = XCBuildConfiguration;
			buildSettings = {
				ASSETCATALOG_COMPILER_APPICON_NAME = AppIcon;
				ASSETCATALOG_COMPILER_GLOBAL_ACCENT_COLOR_NAME = AccentColor;
				CODE_SIGN_STYLE = Automatic;
				CURRENT_PROJECT_VERSION = 1;
				DEVELOPMENT_TEAM = 9N2C3RSUH8;
				GENERATE_INFOPLIST_FILE = YES;
				INFOPLIST_FILE = MVVMProtocolOriented/Files/Info.plist;
				INFOPLIST_KEY_UIApplicationSupportsIndirectInputEvents = YES;
				INFOPLIST_KEY_UILaunchStoryboardName = LaunchScreen;
				INFOPLIST_KEY_UISupportedInterfaceOrientations_iPad = "UIInterfaceOrientationPortrait UIInterfaceOrientationPortraitUpsideDown UIInterfaceOrientationLandscapeLeft UIInterfaceOrientationLandscapeRight";
				INFOPLIST_KEY_UISupportedInterfaceOrientations_iPhone = "UIInterfaceOrientationPortrait UIInterfaceOrientationLandscapeLeft UIInterfaceOrientationLandscapeRight";
				LD_RUNPATH_SEARCH_PATHS = (
					"$(inherited)",
					"@executable_path/Frameworks",
				);
				MARKETING_VERSION = 1.0;
				PRODUCT_BUNDLE_IDENTIFIER = com.iosdevbaran.MVVMProtocolOriented;
				PRODUCT_NAME = "$(TARGET_NAME)";
				SWIFT_EMIT_LOC_STRINGS = YES;
				SWIFT_VERSION = 5.0;
				TARGETED_DEVICE_FAMILY = "1,2";
			};
			name = Release;
		};
/* End XCBuildConfiguration section */

/* Begin XCConfigurationList section */
		BED4322F2BDE80C60000C7C6 /* Build configuration list for PBXProject "MVVMProtocolOriented" */ = {
			isa = XCConfigurationList;
			buildConfigurations = (
				BED432462BDE80C70000C7C6 /* Debug */,
				BED432472BDE80C70000C7C6 /* Release */,
			);
			defaultConfigurationIsVisible = 0;
			defaultConfigurationName = Release;
		};
		BED432482BDE80C70000C7C6 /* Build configuration list for PBXNativeTarget "MVVMProtocolOriented" */ = {
			isa = XCConfigurationList;
			buildConfigurations = (
				BED432492BDE80C70000C7C6 /* Debug */,
				BED4324A2BDE80C70000C7C6 /* Release */,
			);
			defaultConfigurationIsVisible = 0;
			defaultConfigurationName = Release;
		};
/* End XCConfigurationList section */
	};
	rootObject = BED4322C2BDE80C60000C7C6 /* Project object */;
}
