// !$*UTF8*$!
{
	archiveVersion = 1;
	classes = {
	};
	objectVersion = 56;
	objects = {

/* Begin PBXBuildFile section */
		BE2F6C752BDE7BF600BB7401 /* Assets.xcassets in Resources */ = {isa = PBXBuildFile; fileRef = BE2F6C742BDE7BF600BB7401 /* Assets.xcassets */; };
		BE2F6C782BDE7BF600BB7401 /* LaunchScreen.storyboard in Resources */ = {isa = PBXBuildFile; fileRef = BE2F6C762BDE7BF600BB7401 /* LaunchScreen.storyboard */; };
		BE2F6C822BDE7C9600BB7401 /* Manager in Resources */ = {isa = PBXBuildFile; fileRef = BE2F6C812BDE7C9600BB7401 /* Manager */; };
		BE2F6C862BDE7CA000BB7401 /* ViewModel in Resources */ = {isa = PBXBuildFile; fileRef = BE2F6C832BDE7CA000BB7401 /* ViewModel */; };
		BE2F6C872BDE7CA000BB7401 /* Model in Resources */ = {isa = PBXBuildFile; fileRef = BE2F6C842BDE7CA000BB7401 /* Model */; };
		BE2F6C882BDE7CA000BB7401 /* View in Resources */ = {isa = PBXBuildFile; fileRef = BE2F6C852BDE7CA000BB7401 /* View */; };
/* End PBXBuildFile section */

/* Begin PBXFileReference section */
		BE2F6C682BDE7BF500BB7401 /* MVVM-Protocol-orientated-Programming.app */ = {isa = PBXFileReference; explicitFileType = wrapper.application; includeInIndex = 0; path = "MVVM-Protocol-orientated-Programming.app"; sourceTree = BUILT_PRODUCTS_DIR; };
		BE2F6C6B2BDE7BF500BB7401 /* UserViewController.swift */ = {isa = PBXFileReference; lastKnownFileType = sourcecode.swift; name = UserViewController.swift; path = ../View/UserViewController.swift; sourceTree = "<group>"; };
		BE2F6C742BDE7BF600BB7401 /* Assets.xcassets */ = {isa = PBXFileReference; lastKnownFileType = folder.assetcatalog; path = Assets.xcassets; sourceTree = "<group>"; };
		BE2F6C772BDE7BF600BB7401 /* Base */ = {isa = PBXFileReference; lastKnownFileType = file.storyboard; name = Base; path = Base.lproj/LaunchScreen.storyboard; sourceTree = "<group>"; };
		BE2F6C792BDE7BF600BB7401 /* Info.plist */ = {isa = PBXFileReference; lastKnownFileType = text.plist.xml; path = Info.plist; sourceTree = "<group>"; };
		BE2F6C812BDE7C9600BB7401 /* Manager */ = {isa = PBXFileReference; lastKnownFileType = folder; path = Manager; sourceTree = "<group>"; };
		BE2F6C832BDE7CA000BB7401 /* ViewModel */ = {isa = PBXFileReference; lastKnownFileType = folder; path = ViewModel; sourceTree = "<group>"; };
		BE2F6C842BDE7CA000BB7401 /* Model */ = {isa = PBXFileReference; lastKnownFileType = folder; path = Model; sourceTree = "<group>"; };
		BE2F6C852BDE7CA000BB7401 /* View */ = {isa = PBXFileReference; lastKnownFileType = folder; path = View; sourceTree = "<group>"; };
/* End PBXFileReference section */

/* Begin PBXFrameworksBuildPhase section */
		BE2F6C652BDE7BF500BB7401 /* Frameworks */ = {
			isa = PBXFrameworksBuildPhase;
			buildActionMask = 2147483647;
			files = (
			);
			runOnlyForDeploymentPostprocessing = 0;
		};
/* End PBXFrameworksBuildPhase section */

/* Begin PBXGroup section */
		BE2F6C5F2BDE7BF500BB7401 = {
			isa = PBXGroup;
			children = (
				BE2F6C6A2BDE7BF500BB7401 /* MVVM-Protocol-orientated-Programming */,
				BE2F6C692BDE7BF500BB7401 /* Products */,
			);
			sourceTree = "<group>";
		};
		BE2F6C692BDE7BF500BB7401 /* Products */ = {
			isa = PBXGroup;
			children = (
				BE2F6C682BDE7BF500BB7401 /* MVVM-Protocol-orientated-Programming.app */,
			);
			name = Products;
			sourceTree = "<group>";
		};
		BE2F6C6A2BDE7BF500BB7401 /* MVVM-Protocol-orientated-Programming */ = {
			isa = PBXGroup;
			children = (
				BE2F6C842BDE7CA000BB7401 /* Model */,
				BE2F6C852BDE7CA000BB7401 /* View */,
				BE2F6C832BDE7CA000BB7401 /* ViewModel */,
				BE2F6C812BDE7C9600BB7401 /* Manager */,
				BE2F6C892BDE7CC800BB7401 /* Files */,
			);
			path = "MVVM-Protocol-orientated-Programming";
			sourceTree = "<group>";
		};
		BE2F6C892BDE7CC800BB7401 /* Files */ = {
			isa = PBXGroup;
			children = (
				BE2F6C6B2BDE7BF500BB7401 /* UserViewController.swift */,
				BE2F6C742BDE7BF600BB7401 /* Assets.xcassets */,
				BE2F6C762BDE7BF600BB7401 /* LaunchScreen.storyboard */,
				BE2F6C792BDE7BF600BB7401 /* Info.plist */,
			);
			path = Files;
			sourceTree = "<group>";
		};
/* End PBXGroup section */

/* Begin PBXNativeTarget section */
		BE2F6C672BDE7BF500BB7401 /* MVVM-Protocol-orientated-Programming */ = {
			isa = PBXNativeTarget;
			buildConfigurationList = BE2F6C7C2BDE7BF600BB7401 /* Build configuration list for PBXNativeTarget "MVVM-Protocol-orientated-Programming" */;
			buildPhases = (
				BE2F6C642BDE7BF500BB7401 /* Sources */,
				BE2F6C652BDE7BF500BB7401 /* Frameworks */,
				BE2F6C662BDE7BF500BB7401 /* Resources */,
			);
			buildRules = (
			);
			dependencies = (
			);
			name = "MVVM-Protocol-orientated-Programming";
			productName = "MVVM-Protocol-orientated-Programming";
			productReference = BE2F6C682BDE7BF500BB7401 /* MVVM-Protocol-orientated-Programming.app */;
			productType = "com.apple.product-type.application";
		};
/* End PBXNativeTarget section */

/* Begin PBXProject section */
		BE2F6C602BDE7BF500BB7401 /* Project object */ = {
			isa = PBXProject;
			attributes = {
				BuildIndependentTargetsInParallel = 1;
				LastSwiftUpdateCheck = 1520;
				LastUpgradeCheck = 1520;
				TargetAttributes = {
					BE2F6C672BDE7BF500BB7401 = {
						CreatedOnToolsVersion = 15.2;
					};
				};
			};
			buildConfigurationList = BE2F6C632BDE7BF500BB7401 /* Build configuration list for PBXProject "MVVM-Protocol-orientated-Programming" */;
			compatibilityVersion = "Xcode 14.0";
			developmentRegion = en;
			hasScannedForEncodings = 0;
			knownRegions = (
				en,
				Base,
			);
			mainGroup = BE2F6C5F2BDE7BF500BB7401;
			productRefGroup = BE2F6C692BDE7BF500BB7401 /* Products */;
			projectDirPath = "";
			projectRoot = "";
			targets = (
				BE2F6C672BDE7BF500BB7401 /* MVVM-Protocol-orientated-Programming */,
			);
		};
/* End PBXProject section */

/* Begin PBXResourcesBuildPhase section */
		BE2F6C662BDE7BF500BB7401 /* Resources */ = {
			isa = PBXResourcesBuildPhase;
			buildActionMask = 2147483647;
			files = (
				BE2F6C872BDE7CA000BB7401 /* Model in Resources */,
				BE2F6C882BDE7CA000BB7401 /* View in Resources */,
				BE2F6C862BDE7CA000BB7401 /* ViewModel in Resources */,
				BE2F6C782BDE7BF600BB7401 /* LaunchScreen.storyboard in Resources */,
				BE2F6C822BDE7C9600BB7401 /* Manager in Resources */,
				BE2F6C752BDE7BF600BB7401 /* Assets.xcassets in Resources */,
			);
			runOnlyForDeploymentPostprocessing = 0;
		};
/* End PBXResourcesBuildPhase section */

/* Begin PBXSourcesBuildPhase section */
		BE2F6C642BDE7BF500BB7401 /* Sources */ = {
			isa = PBXSourcesBuildPhase;
			buildActionMask = 2147483647;
			files = (
			);
			runOnlyForDeploymentPostprocessing = 0;
		};
/* End PBXSourcesBuildPhase section */

/* Begin PBXVariantGroup section */
		BE2F6C762BDE7BF600BB7401 /* LaunchScreen.storyboard */ = {
			isa = PBXVariantGroup;
			children = (
				BE2F6C772BDE7BF600BB7401 /* Base */,
			);
			name = LaunchScreen.storyboard;
			sourceTree = "<group>";
		};
/* End PBXVariantGroup section */

/* Begin XCBuildConfiguration section */
		BE2F6C7A2BDE7BF600BB7401 /* Debug */ = {
			isa = XCBuildConfiguration;
			buildSettings = {
				ALWAYS_SEARCH_USER_PATHS = NO;
				ASSETCATALOG_COMPILER_GENERATE_SWIFT_ASSET_SYMBOL_EXTENSIONS = YES;
				CLANG_ANALYZER_NONNULL = YES;
				CLANG_ANALYZER_NUMBER_OBJECT_CONVERSION = YES_AGGRESSIVE;
				CLANG_CXX_LANGUAGE_STANDARD = "gnu++20";
				CLANG_ENABLE_MODULES = YES;
				CLANG_ENABLE_OBJC_ARC = YES;
				CLANG_ENABLE_OBJC_WEAK = YES;
				CLANG_WARN_BLOCK_CAPTURE_AUTORELEASING = YES;
				CLANG_WARN_BOOL_CONVERSION = YES;
				CLANG_WARN_COMMA = YES;
				CLANG_WARN_CONSTANT_CONVERSION = YES;
				CLANG_WARN_DEPRECATED_OBJC_IMPLEMENTATIONS = YES;
				CLANG_WARN_DIRECT_OBJC_ISA_USAGE = YES_ERROR;
				CLANG_WARN_DOCUMENTATION_COMMENTS = YES;
				CLANG_WARN_EMPTY_BODY = YES;
				CLANG_WARN_ENUM_CONVERSION = YES;
				CLANG_WARN_INFINITE_RECURSION = YES;
				CLANG_WARN_INT_CONVERSION = YES;
				CLANG_WARN_NON_LITERAL_NULL_CONVERSION = YES;
				CLANG_WARN_OBJC_IMPLICIT_RETAIN_SELF = YES;
				CLANG_WARN_OBJC_LITERAL_CONVERSION = YES;
				CLANG_WARN_OBJC_ROOT_CLASS = YES_ERROR;
				CLANG_WARN_QUOTED_INCLUDE_IN_FRAMEWORK_HEADER = YES;
				CLANG_WARN_RANGE_LOOP_ANALYSIS = YES;
				CLANG_WARN_STRICT_PROTOTYPES = YES;
				CLANG_WARN_SUSPICIOUS_MOVE = YES;
				CLANG_WARN_UNGUARDED_AVAILABILITY = YES_AGGRESSIVE;
				CLANG_WARN_UNREACHABLE_CODE = YES;
				CLANG_WARN__DUPLICATE_METHOD_MATCH = YES;
				COPY_PHASE_STRIP = NO;
				DEBUG_INFORMATION_FORMAT = dwarf;
				ENABLE_STRICT_OBJC_MSGSEND = YES;
				ENABLE_TESTABILITY = YES;
				ENABLE_USER_SCRIPT_SANDBOXING = YES;
				GCC_C_LANGUAGE_STANDARD = gnu17;
				GCC_DYNAMIC_NO_PIC = NO;
				GCC_NO_COMMON_BLOCKS = YES;
				GCC_OPTIMIZATION_LEVEL = 0;
				GCC_PREPROCESSOR_DEFINITIONS = (
					"DEBUG=1",
					"$(inherited)",
				);
				GCC_WARN_64_TO_32_BIT_CONVERSION = YES;
				GCC_WARN_ABOUT_RETURN_TYPE = YES_ERROR;
				GCC_WARN_UNDECLARED_SELECTOR = YES;
				GCC_WARN_UNINITIALIZED_AUTOS = YES_AGGRESSIVE;
				GCC_WARN_UNUSED_FUNCTION = YES;
				GCC_WARN_UNUSED_VARIABLE = YES;
				IPHONEOS_DEPLOYMENT_TARGET = 17.2;
				LOCALIZATION_PREFERS_STRING_CATALOGS = YES;
				MTL_ENABLE_DEBUG_INFO = INCLUDE_SOURCE;
				MTL_FAST_MATH = YES;
				ONLY_ACTIVE_ARCH = YES;
				SDKROOT = iphoneos;
				SWIFT_ACTIVE_COMPILATION_CONDITIONS = "DEBUG $(inherited)";
				SWIFT_OPTIMIZATION_LEVEL = "-Onone";
			};
			name = Debug;
		};
		BE2F6C7B2BDE7BF600BB7401 /* Release */ = {
			isa = XCBuildConfiguration;
			buildSettings = {
				ALWAYS_SEARCH_USER_PATHS = NO;
				ASSETCATALOG_COMPILER_GENERATE_SWIFT_ASSET_SYMBOL_EXTENSIONS = YES;
				CLANG_ANALYZER_NONNULL = YES;
				CLANG_ANALYZER_NUMBER_OBJECT_CONVERSION = YES_AGGRESSIVE;
				CLANG_CXX_LANGUAGE_STANDARD = "gnu++20";
				CLANG_ENABLE_MODULES = YES;
				CLANG_ENABLE_OBJC_ARC = YES;
				CLANG_ENABLE_OBJC_WEAK = YES;
				CLANG_WARN_BLOCK_CAPTURE_AUTORELEASING = YES;
				CLANG_WARN_BOOL_CONVERSION = YES;
				CLANG_WARN_COMMA = YES;
				CLANG_WARN_CONSTANT_CONVERSION = YES;
				CLANG_WARN_DEPRECATED_OBJC_IMPLEMENTATIONS = YES;
				CLANG_WARN_DIRECT_OBJC_ISA_USAGE = YES_ERROR;
				CLANG_WARN_DOCUMENTATION_COMMENTS = YES;
				CLANG_WARN_EMPTY_BODY = YES;
				CLANG_WARN_ENUM_CONVERSION = YES;
				CLANG_WARN_INFINITE_RECURSION = YES;
				CLANG_WARN_INT_CONVERSION = YES;
				CLANG_WARN_NON_LITERAL_NULL_CONVERSION = YES;
				CLANG_WARN_OBJC_IMPLICIT_RETAIN_SELF = YES;
				CLANG_WARN_OBJC_LITERAL_CONVERSION = YES;
				CLANG_WARN_OBJC_ROOT_CLASS = YES_ERROR;
				CLANG_WARN_QUOTED_INCLUDE_IN_FRAMEWORK_HEADER = YES;
				CLANG_WARN_RANGE_LOOP_ANALYSIS = YES;
				CLANG_WARN_STRICT_PROTOTYPES = YES;
				CLANG_WARN_SUSPICIOUS_MOVE = YES;
				CLANG_WARN_UNGUARDED_AVAILABILITY = YES_AGGRESSIVE;
				CLANG_WARN_UNREACHABLE_CODE = YES;
				CLANG_WARN__DUPLICATE_METHOD_MATCH = YES;
				COPY_PHASE_STRIP = NO;
				DEBUG_INFORMATION_FORMAT = "dwarf-with-dsym";
				ENABLE_NS_ASSERTIONS = NO;
				ENABLE_STRICT_OBJC_MSGSEND = YES;
				ENABLE_USER_SCRIPT_SANDBOXING = YES;
				GCC_C_LANGUAGE_STANDARD = gnu17;
				GCC_NO_COMMON_BLOCKS = YES;
				GCC_WARN_64_TO_32_BIT_CONVERSION = YES;
				GCC_WARN_ABOUT_RETURN_TYPE = YES_ERROR;
				GCC_WARN_UNDECLARED_SELECTOR = YES;
				GCC_WARN_UNINITIALIZED_AUTOS = YES_AGGRESSIVE;
				GCC_WARN_UNUSED_FUNCTION = YES;
				GCC_WARN_UNUSED_VARIABLE = YES;
				IPHONEOS_DEPLOYMENT_TARGET = 17.2;
				LOCALIZATION_PREFERS_STRING_CATALOGS = YES;
				MTL_ENABLE_DEBUG_INFO = NO;
				MTL_FAST_MATH = YES;
				SDKROOT = iphoneos;
				SWIFT_COMPILATION_MODE = wholemodule;
				VALIDATE_PRODUCT = YES;
			};
			name = Release;
		};
		BE2F6C7D2BDE7BF600BB7401 /* Debug */ = {
			isa = XCBuildConfiguration;
			buildSettings = {
				ASSETCATALOG_COMPILER_APPICON_NAME = AppIcon;
				ASSETCATALOG_COMPILER_GLOBAL_ACCENT_COLOR_NAME = AccentColor;
				CODE_SIGN_STYLE = Automatic;
				CURRENT_PROJECT_VERSION = 1;
				DEVELOPMENT_TEAM = 9N2C3RSUH8;
				GENERATE_INFOPLIST_FILE = YES;
				INFOPLIST_FILE = "MVVM-Protocol-orientated-Programming/Files/Info.plist";
				INFOPLIST_KEY_UIApplicationSupportsIndirectInputEvents = YES;
				INFOPLIST_KEY_UILaunchStoryboardName = LaunchScreen;
				INFOPLIST_KEY_UISupportedInterfaceOrientations_iPad = "UIInterfaceOrientationPortrait UIInterfaceOrientationPortraitUpsideDown UIInterfaceOrientationLandscapeLeft UIInterfaceOrientationLandscapeRight";
				INFOPLIST_KEY_UISupportedInterfaceOrientations_iPhone = "UIInterfaceOrientationPortrait UIInterfaceOrientationLandscapeLeft UIInterfaceOrientationLandscapeRight";
				IPHONEOS_DEPLOYMENT_TARGET = 15.2;
				LD_RUNPATH_SEARCH_PATHS = (
					"$(inherited)",
					"@executable_path/Frameworks",
				);
				MARKETING_VERSION = 1.0;
				PRODUCT_BUNDLE_IDENTIFIER = "com.iosdevbaran.MVVM-Protocol-orientated-Programming";
				PRODUCT_NAME = "$(TARGET_NAME)";
				SWIFT_EMIT_LOC_STRINGS = YES;
				SWIFT_VERSION = 5.0;
				TARGETED_DEVICE_FAMILY = "1,2";
			};
			name = Debug;
		};
		BE2F6C7E2BDE7BF600BB7401 /* Release */ = {
			isa = XCBuildConfiguration;
			buildSettings = {
				ASSETCATALOG_COMPILER_APPICON_NAME = AppIcon;
				ASSETCATALOG_COMPILER_GLOBAL_ACCENT_COLOR_NAME = AccentColor;
				CODE_SIGN_STYLE = Automatic;
				CURRENT_PROJECT_VERSION = 1;
				DEVELOPMENT_TEAM = 9N2C3RSUH8;
				GENERATE_INFOPLIST_FILE = YES;
				INFOPLIST_FILE = "MVVM-Protocol-orientated-Programming/Files/Info.plist";
				INFOPLIST_KEY_UIApplicationSupportsIndirectInputEvents = YES;
				INFOPLIST_KEY_UILaunchStoryboardName = LaunchScreen;
				INFOPLIST_KEY_UISupportedInterfaceOrientations_iPad = "UIInterfaceOrientationPortrait UIInterfaceOrientationPortraitUpsideDown UIInterfaceOrientationLandscapeLeft UIInterfaceOrientationLandscapeRight";
				INFOPLIST_KEY_UISupportedInterfaceOrientations_iPhone = "UIInterfaceOrientationPortrait UIInterfaceOrientationLandscapeLeft UIInterfaceOrientationLandscapeRight";
				IPHONEOS_DEPLOYMENT_TARGET = 15.2;
				LD_RUNPATH_SEARCH_PATHS = (
					"$(inherited)",
					"@executable_path/Frameworks",
				);
				MARKETING_VERSION = 1.0;
				PRODUCT_BUNDLE_IDENTIFIER = "com.iosdevbaran.MVVM-Protocol-orientated-Programming";
				PRODUCT_NAME = "$(TARGET_NAME)";
				SWIFT_EMIT_LOC_STRINGS = YES;
				SWIFT_VERSION = 5.0;
				TARGETED_DEVICE_FAMILY = "1,2";
			};
			name = Release;
		};
/* End XCBuildConfiguration section */

/* Begin XCConfigurationList section */
		BE2F6C632BDE7BF500BB7401 /* Build configuration list for PBXProject "MVVM-Protocol-orientated-Programming" */ = {
			isa = XCConfigurationList;
			buildConfigurations = (
				BE2F6C7A2BDE7BF600BB7401 /* Debug */,
				BE2F6C7B2BDE7BF600BB7401 /* Release */,
			);
			defaultConfigurationIsVisible = 0;
			defaultConfigurationName = Release;
		};
		BE2F6C7C2BDE7BF600BB7401 /* Build configuration list for PBXNativeTarget "MVVM-Protocol-orientated-Programming" */ = {
			isa = XCConfigurationList;
			buildConfigurations = (
				BE2F6C7D2BDE7BF600BB7401 /* Debug */,
				BE2F6C7E2BDE7BF600BB7401 /* Release */,
			);
			defaultConfigurationIsVisible = 0;
			defaultConfigurationName = Release;
		};
/* End XCConfigurationList section */
	};
	rootObject = BE2F6C602BDE7BF500BB7401 /* Project object */;
}
