// !$*UTF8*$!
{
	archiveVersion = 1;
	classes = {
	};
	objectVersion = 56;
	objects = {

/* Begin PBXBuildFile section */
		BE0650182BFB22F3005A9FC5 /* AppDelegate.swift in Sources */ = {isa = PBXBuildFile; fileRef = BE0650172BFB22F3005A9FC5 /* AppDelegate.swift */; };
		BE06501C2BFB22F3005A9FC5 /* MainViewController.swift in Sources */ = {isa = PBXBuildFile; fileRef = BE06501B2BFB22F3005A9FC5 /* MainViewController.swift */; };
		BE0650212BFB22F4005A9FC5 /* Assets.xcassets in Resources */ = {isa = PBXBuildFile; fileRef = BE0650202BFB22F4005A9FC5 /* Assets.xcassets */; };
		BE0650242BFB22F4005A9FC5 /* LaunchScreen.storyboard in Resources */ = {isa = PBXBuildFile; fileRef = BE0650222BFB22F4005A9FC5 /* LaunchScreen.storyboard */; };
		BE06502F2BFB27E8005A9FC5 /* LoginViewController.swift in Sources */ = {isa = PBXBuildFile; fileRef = BE06502E2BFB27E8005A9FC5 /* LoginViewController.swift */; };
		BE0650312BFB27F7005A9FC5 /* RegisterViewController.swift in Sources */ = {isa = PBXBuildFile; fileRef = BE0650302BFB27F7005A9FC5 /* RegisterViewController.swift */; };
		BE0650342BFB2CDD005A9FC5 /* Coordinator.swift in Sources */ = {isa = PBXBuildFile; fileRef = BE0650332BFB2CDD005A9FC5 /* Coordinator.swift */; };
		BE0650362BFB3180005A9FC5 /* MainCoordinator.swift in Sources */ = {isa = PBXBuildFile; fileRef = BE0650352BFB3180005A9FC5 /* MainCoordinator.swift */; };
/* End PBXBuildFile section */

/* Begin PBXFileReference section */
		BE0650142BFB22F3005A9FC5 /* Coordinator-Pattern.app */ = {isa = PBXFileReference; explicitFileType = wrapper.application; includeInIndex = 0; path = "Coordinator-Pattern.app"; sourceTree = BUILT_PRODUCTS_DIR; };
		BE0650172BFB22F3005A9FC5 /* AppDelegate.swift */ = {isa = PBXFileReference; lastKnownFileType = sourcecode.swift; path = AppDelegate.swift; sourceTree = "<group>"; };
		BE06501B2BFB22F3005A9FC5 /* MainViewController.swift */ = {isa = PBXFileReference; lastKnownFileType = sourcecode.swift; path = MainViewController.swift; sourceTree = "<group>"; };
		BE0650202BFB22F4005A9FC5 /* Assets.xcassets */ = {isa = PBXFileReference; lastKnownFileType = folder.assetcatalog; path = Assets.xcassets; sourceTree = "<group>"; };
		BE0650232BFB22F4005A9FC5 /* Base */ = {isa = PBXFileReference; lastKnownFileType = file.storyboard; name = Base; path = Base.lproj/LaunchScreen.storyboard; sourceTree = "<group>"; };
		BE0650252BFB22F4005A9FC5 /* Info.plist */ = {isa = PBXFileReference; lastKnownFileType = text.plist.xml; path = Info.plist; sourceTree = "<group>"; };
		BE06502E2BFB27E8005A9FC5 /* LoginViewController.swift */ = {isa = PBXFileReference; lastKnownFileType = sourcecode.swift; path = LoginViewController.swift; sourceTree = "<group>"; };
		BE0650302BFB27F7005A9FC5 /* RegisterViewController.swift */ = {isa = PBXFileReference; lastKnownFileType = sourcecode.swift; path = RegisterViewController.swift; sourceTree = "<group>"; };
		BE0650332BFB2CDD005A9FC5 /* Coordinator.swift */ = {isa = PBXFileReference; lastKnownFileType = sourcecode.swift; path = Coordinator.swift; sourceTree = "<group>"; };
		BE0650352BFB3180005A9FC5 /* MainCoordinator.swift */ = {isa = PBXFileReference; lastKnownFileType = sourcecode.swift; path = MainCoordinator.swift; sourceTree = "<group>"; };
/* End PBXFileReference section */

/* Begin PBXFrameworksBuildPhase section */
		BE0650112BFB22F3005A9FC5 /* Frameworks */ = {
			isa = PBXFrameworksBuildPhase;
			buildActionMask = 2147483647;
			files = (
			);
			runOnlyForDeploymentPostprocessing = 0;
		};
/* End PBXFrameworksBuildPhase section */

/* Begin PBXGroup section */
		BE06500B2BFB22F3005A9FC5 = {
			isa = PBXGroup;
			children = (
				BE0650162BFB22F3005A9FC5 /* Coordinator-Pattern */,
				BE0650152BFB22F3005A9FC5 /* Products */,
			);
			sourceTree = "<group>";
		};
		BE0650152BFB22F3005A9FC5 /* Products */ = {
			isa = PBXGroup;
			children = (
				BE0650142BFB22F3005A9FC5 /* Coordinator-Pattern.app */,
			);
			name = Products;
			sourceTree = "<group>";
		};
		BE0650162BFB22F3005A9FC5 /* Coordinator-Pattern */ = {
			isa = PBXGroup;
			children = (
				BE0650322BFB295E005A9FC5 /* Coordinator */,
				BE06502D2BFB27CE005A9FC5 /* Controller */,
				BE06502B2BFB27B3005A9FC5 /* Files */,
			);
			path = "Coordinator-Pattern";
			sourceTree = "<group>";
		};
		BE06502B2BFB27B3005A9FC5 /* Files */ = {
			isa = PBXGroup;
			children = (
				BE0650172BFB22F3005A9FC5 /* AppDelegate.swift */,
				BE0650202BFB22F4005A9FC5 /* Assets.xcassets */,
				BE0650222BFB22F4005A9FC5 /* LaunchScreen.storyboard */,
				BE0650252BFB22F4005A9FC5 /* Info.plist */,
			);
			name = Files;
			sourceTree = "<group>";
		};
		BE06502D2BFB27CE005A9FC5 /* Controller */ = {
			isa = PBXGroup;
			children = (
				BE06501B2BFB22F3005A9FC5 /* MainViewController.swift */,
				BE06502E2BFB27E8005A9FC5 /* LoginViewController.swift */,
				BE0650302BFB27F7005A9FC5 /* RegisterViewController.swift */,
			);
			path = Controller;
			sourceTree = "<group>";
		};
		BE0650322BFB295E005A9FC5 /* Coordinator */ = {
			isa = PBXGroup;
			children = (
				BE0650332BFB2CDD005A9FC5 /* Coordinator.swift */,
				BE0650352BFB3180005A9FC5 /* MainCoordinator.swift */,
			);
			path = Coordinator;
			sourceTree = "<group>";
		};
/* End PBXGroup section */

/* Begin PBXNativeTarget section */
		BE0650132BFB22F3005A9FC5 /* Coordinator-Pattern */ = {
			isa = PBXNativeTarget;
			buildConfigurationList = BE0650282BFB22F4005A9FC5 /* Build configuration list for PBXNativeTarget "Coordinator-Pattern" */;
			buildPhases = (
				BE0650102BFB22F3005A9FC5 /* Sources */,
				BE0650112BFB22F3005A9FC5 /* Frameworks */,
				BE0650122BFB22F3005A9FC5 /* Resources */,
			);
			buildRules = (
			);
			dependencies = (
			);
			name = "Coordinator-Pattern";
			productName = "Coordinator-Pattern";
			productReference = BE0650142BFB22F3005A9FC5 /* Coordinator-Pattern.app */;
			productType = "com.apple.product-type.application";
		};
/* End PBXNativeTarget section */

/* Begin PBXProject section */
		BE06500C2BFB22F3005A9FC5 /* Project object */ = {
			isa = PBXProject;
			attributes = {
				BuildIndependentTargetsInParallel = 1;
				LastSwiftUpdateCheck = 1520;
				LastUpgradeCheck = 1520;
				TargetAttributes = {
					BE0650132BFB22F3005A9FC5 = {
						CreatedOnToolsVersion = 15.2;
					};
				};
			};
			buildConfigurationList = BE06500F2BFB22F3005A9FC5 /* Build configuration list for PBXProject "Coordinator-Pattern" */;
			compatibilityVersion = "Xcode 14.0";
			developmentRegion = en;
			hasScannedForEncodings = 0;
			knownRegions = (
				en,
				Base,
			);
			mainGroup = BE06500B2BFB22F3005A9FC5;
			productRefGroup = BE0650152BFB22F3005A9FC5 /* Products */;
			projectDirPath = "";
			projectRoot = "";
			targets = (
				BE0650132BFB22F3005A9FC5 /* Coordinator-Pattern */,
			);
		};
/* End PBXProject section */

/* Begin PBXResourcesBuildPhase section */
		BE0650122BFB22F3005A9FC5 /* Resources */ = {
			isa = PBXResourcesBuildPhase;
			buildActionMask = 2147483647;
			files = (
				BE0650242BFB22F4005A9FC5 /* LaunchScreen.storyboard in Resources */,
				BE0650212BFB22F4005A9FC5 /* Assets.xcassets in Resources */,
			);
			runOnlyForDeploymentPostprocessing = 0;
		};
/* End PBXResourcesBuildPhase section */

/* Begin PBXSourcesBuildPhase section */
		BE0650102BFB22F3005A9FC5 /* Sources */ = {
			isa = PBXSourcesBuildPhase;
			buildActionMask = 2147483647;
			files = (
				BE06502F2BFB27E8005A9FC5 /* LoginViewController.swift in Sources */,
				BE0650362BFB3180005A9FC5 /* MainCoordinator.swift in Sources */,
				BE06501C2BFB22F3005A9FC5 /* MainViewController.swift in Sources */,
				BE0650342BFB2CDD005A9FC5 /* Coordinator.swift in Sources */,
				BE0650182BFB22F3005A9FC5 /* AppDelegate.swift in Sources */,
				BE0650312BFB27F7005A9FC5 /* RegisterViewController.swift in Sources */,
			);
			runOnlyForDeploymentPostprocessing = 0;
		};
/* End PBXSourcesBuildPhase section */

/* Begin PBXVariantGroup section */
		BE0650222BFB22F4005A9FC5 /* LaunchScreen.storyboard */ = {
			isa = PBXVariantGroup;
			children = (
				BE0650232BFB22F4005A9FC5 /* Base */,
			);
			name = LaunchScreen.storyboard;
			sourceTree = "<group>";
		};
/* End PBXVariantGroup section */

/* Begin XCBuildConfiguration section */
		BE0650262BFB22F4005A9FC5 /* Debug */ = {
			isa = XCBuildConfiguration;
			buildSettings = {
				ALWAYS_SEARCH_USER_PATHS = NO;
				ASSETCATALOG_COMPILER_GENERATE_SWIFT_ASSET_SYMBOL_EXTENSIONS = YES;
				CLANG_ANALYZER_NONNULL = YES;
				CLANG_ANALYZER_NUMBER_OBJECT_CONVERSION = YES_AGGRESSIVE;
				CLANG_CXX_LANGUAGE_STANDARD = "gnu++20";
				CLANG_ENABLE_MODULES = YES;
				CLANG_ENABLE_OBJC_ARC = YES;
				CLANG_ENABLE_OBJC_WEAK = YES;
				CLANG_WARN_BLOCK_CAPTURE_AUTORELEASING = YES;
				CLANG_WARN_BOOL_CONVERSION = YES;
				CLANG_WARN_COMMA = YES;
				CLANG_WARN_CONSTANT_CONVERSION = YES;
				CLANG_WARN_DEPRECATED_OBJC_IMPLEMENTATIONS = YES;
				CLANG_WARN_DIRECT_OBJC_ISA_USAGE = YES_ERROR;
				CLANG_WARN_DOCUMENTATION_COMMENTS = YES;
				CLANG_WARN_EMPTY_BODY = YES;
				CLANG_WARN_ENUM_CONVERSION = YES;
				CLANG_WARN_INFINITE_RECURSION = YES;
				CLANG_WARN_INT_CONVERSION = YES;
				CLANG_WARN_NON_LITERAL_NULL_CONVERSION = YES;
				CLANG_WARN_OBJC_IMPLICIT_RETAIN_SELF = YES;
				CLANG_WARN_OBJC_LITERAL_CONVERSION = YES;
				CLANG_WARN_OBJC_ROOT_CLASS = YES_ERROR;
				CLANG_WARN_QUOTED_INCLUDE_IN_FRAMEWORK_HEADER = YES;
				CLANG_WARN_RANGE_LOOP_ANALYSIS = YES;
				CLANG_WARN_STRICT_PROTOTYPES = YES;
				CLANG_WARN_SUSPICIOUS_MOVE = YES;
				CLANG_WARN_UNGUARDED_AVAILABILITY = YES_AGGRESSIVE;
				CLANG_WARN_UNREACHABLE_CODE = YES;
				CLANG_WARN__DUPLICATE_METHOD_MATCH = YES;
				COPY_PHASE_STRIP = NO;
				DEBUG_INFORMATION_FORMAT = dwarf;
				ENABLE_STRICT_OBJC_MSGSEND = YES;
				ENABLE_TESTABILITY = YES;
				ENABLE_USER_SCRIPT_SANDBOXING = YES;
				GCC_C_LANGUAGE_STANDARD = gnu17;
				GCC_DYNAMIC_NO_PIC = NO;
				GCC_NO_COMMON_BLOCKS = YES;
				GCC_OPTIMIZATION_LEVEL = 0;
				GCC_PREPROCESSOR_DEFINITIONS = (
					"DEBUG=1",
					"$(inherited)",
				);
				GCC_WARN_64_TO_32_BIT_CONVERSION = YES;
				GCC_WARN_ABOUT_RETURN_TYPE = YES_ERROR;
				GCC_WARN_UNDECLARED_SELECTOR = YES;
				GCC_WARN_UNINITIALIZED_AUTOS = YES_AGGRESSIVE;
				GCC_WARN_UNUSED_FUNCTION = YES;
				GCC_WARN_UNUSED_VARIABLE = YES;
				IPHONEOS_DEPLOYMENT_TARGET = 17.2;
				LOCALIZATION_PREFERS_STRING_CATALOGS = YES;
				MTL_ENABLE_DEBUG_INFO = INCLUDE_SOURCE;
				MTL_FAST_MATH = YES;
				ONLY_ACTIVE_ARCH = YES;
				SDKROOT = iphoneos;
				SWIFT_ACTIVE_COMPILATION_CONDITIONS = "DEBUG $(inherited)";
				SWIFT_OPTIMIZATION_LEVEL = "-Onone";
			};
			name = Debug;
		};
		BE0650272BFB22F4005A9FC5 /* Release */ = {
			isa = XCBuildConfiguration;
			buildSettings = {
				ALWAYS_SEARCH_USER_PATHS = NO;
				ASSETCATALOG_COMPILER_GENERATE_SWIFT_ASSET_SYMBOL_EXTENSIONS = YES;
				CLANG_ANALYZER_NONNULL = YES;
				CLANG_ANALYZER_NUMBER_OBJECT_CONVERSION = YES_AGGRESSIVE;
				CLANG_CXX_LANGUAGE_STANDARD = "gnu++20";
				CLANG_ENABLE_MODULES = YES;
				CLANG_ENABLE_OBJC_ARC = YES;
				CLANG_ENABLE_OBJC_WEAK = YES;
				CLANG_WARN_BLOCK_CAPTURE_AUTORELEASING = YES;
				CLANG_WARN_BOOL_CONVERSION = YES;
				CLANG_WARN_COMMA = YES;
				CLANG_WARN_CONSTANT_CONVERSION = YES;
				CLANG_WARN_DEPRECATED_OBJC_IMPLEMENTATIONS = YES;
				CLANG_WARN_DIRECT_OBJC_ISA_USAGE = YES_ERROR;
				CLANG_WARN_DOCUMENTATION_COMMENTS = YES;
				CLANG_WARN_EMPTY_BODY = YES;
				CLANG_WARN_ENUM_CONVERSION = YES;
				CLANG_WARN_INFINITE_RECURSION = YES;
				CLANG_WARN_INT_CONVERSION = YES;
				CLANG_WARN_NON_LITERAL_NULL_CONVERSION = YES;
				CLANG_WARN_OBJC_IMPLICIT_RETAIN_SELF = YES;
				CLANG_WARN_OBJC_LITERAL_CONVERSION = YES;
				CLANG_WARN_OBJC_ROOT_CLASS = YES_ERROR;
				CLANG_WARN_QUOTED_INCLUDE_IN_FRAMEWORK_HEADER = YES;
				CLANG_WARN_RANGE_LOOP_ANALYSIS = YES;
				CLANG_WARN_STRICT_PROTOTYPES = YES;
				CLANG_WARN_SUSPICIOUS_MOVE = YES;
				CLANG_WARN_UNGUARDED_AVAILABILITY = YES_AGGRESSIVE;
				CLANG_WARN_UNREACHABLE_CODE = YES;
				CLANG_WARN__DUPLICATE_METHOD_MATCH = YES;
				COPY_PHASE_STRIP = NO;
				DEBUG_INFORMATION_FORMAT = "dwarf-with-dsym";
				ENABLE_NS_ASSERTIONS = NO;
				ENABLE_STRICT_OBJC_MSGSEND = YES;
				ENABLE_USER_SCRIPT_SANDBOXING = YES;
				GCC_C_LANGUAGE_STANDARD = gnu17;
				GCC_NO_COMMON_BLOCKS = YES;
				GCC_WARN_64_TO_32_BIT_CONVERSION = YES;
				GCC_WARN_ABOUT_RETURN_TYPE = YES_ERROR;
				GCC_WARN_UNDECLARED_SELECTOR = YES;
				GCC_WARN_UNINITIALIZED_AUTOS = YES_AGGRESSIVE;
				GCC_WARN_UNUSED_FUNCTION = YES;
				GCC_WARN_UNUSED_VARIABLE = YES;
				IPHONEOS_DEPLOYMENT_TARGET = 17.2;
				LOCALIZATION_PREFERS_STRING_CATALOGS = YES;
				MTL_ENABLE_DEBUG_INFO = NO;
				MTL_FAST_MATH = YES;
				SDKROOT = iphoneos;
				SWIFT_COMPILATION_MODE = wholemodule;
				VALIDATE_PRODUCT = YES;
			};
			name = Release;
		};
		BE0650292BFB22F4005A9FC5 /* Debug */ = {
			isa = XCBuildConfiguration;
			buildSettings = {
				ASSETCATALOG_COMPILER_APPICON_NAME = AppIcon;
				ASSETCATALOG_COMPILER_GLOBAL_ACCENT_COLOR_NAME = AccentColor;
				CODE_SIGN_STYLE = Automatic;
				CURRENT_PROJECT_VERSION = 1;
				DEVELOPMENT_TEAM = 9N2C3RSUH8;
				GENERATE_INFOPLIST_FILE = YES;
				INFOPLIST_FILE = "Coordinator-Pattern/Info.plist";
				INFOPLIST_KEY_UIApplicationSupportsIndirectInputEvents = YES;
				INFOPLIST_KEY_UILaunchStoryboardName = LaunchScreen;
				INFOPLIST_KEY_UISupportedInterfaceOrientations_iPad = "UIInterfaceOrientationPortrait UIInterfaceOrientationPortraitUpsideDown UIInterfaceOrientationLandscapeLeft UIInterfaceOrientationLandscapeRight";
				INFOPLIST_KEY_UISupportedInterfaceOrientations_iPhone = "UIInterfaceOrientationPortrait UIInterfaceOrientationLandscapeLeft UIInterfaceOrientationLandscapeRight";
				LD_RUNPATH_SEARCH_PATHS = (
					"$(inherited)",
					"@executable_path/Frameworks",
				);
				MARKETING_VERSION = 1.0;
				PRODUCT_BUNDLE_IDENTIFIER = "com.iosdevbaran.Coordinator-Pattern";
				PRODUCT_NAME = "$(TARGET_NAME)";
				SWIFT_EMIT_LOC_STRINGS = YES;
				SWIFT_VERSION = 5.0;
				TARGETED_DEVICE_FAMILY = "1,2";
			};
			name = Debug;
		};
		BE06502A2BFB22F4005A9FC5 /* Release */ = {
			isa = XCBuildConfiguration;
			buildSettings = {
				ASSETCATALOG_COMPILER_APPICON_NAME = AppIcon;
				ASSETCATALOG_COMPILER_GLOBAL_ACCENT_COLOR_NAME = AccentColor;
				CODE_SIGN_STYLE = Automatic;
				CURRENT_PROJECT_VERSION = 1;
				DEVELOPMENT_TEAM = 9N2C3RSUH8;
				GENERATE_INFOPLIST_FILE = YES;
				INFOPLIST_FILE = "Coordinator-Pattern/Info.plist";
				INFOPLIST_KEY_UIApplicationSupportsIndirectInputEvents = YES;
				INFOPLIST_KEY_UILaunchStoryboardName = LaunchScreen;
				INFOPLIST_KEY_UISupportedInterfaceOrientations_iPad = "UIInterfaceOrientationPortrait UIInterfaceOrientationPortraitUpsideDown UIInterfaceOrientationLandscapeLeft UIInterfaceOrientationLandscapeRight";
				INFOPLIST_KEY_UISupportedInterfaceOrientations_iPhone = "UIInterfaceOrientationPortrait UIInterfaceOrientationLandscapeLeft UIInterfaceOrientationLandscapeRight";
				LD_RUNPATH_SEARCH_PATHS = (
					"$(inherited)",
					"@executable_path/Frameworks",
				);
				MARKETING_VERSION = 1.0;
				PRODUCT_BUNDLE_IDENTIFIER = "com.iosdevbaran.Coordinator-Pattern";
				PRODUCT_NAME = "$(TARGET_NAME)";
				SWIFT_EMIT_LOC_STRINGS = YES;
				SWIFT_VERSION = 5.0;
				TARGETED_DEVICE_FAMILY = "1,2";
			};
			name = Release;
		};
/* End XCBuildConfiguration section */

/* Begin XCConfigurationList section */
		BE06500F2BFB22F3005A9FC5 /* Build configuration list for PBXProject "Coordinator-Pattern" */ = {
			isa = XCConfigurationList;
			buildConfigurations = (
				BE0650262BFB22F4005A9FC5 /* Debug */,
				BE0650272BFB22F4005A9FC5 /* Release */,
			);
			defaultConfigurationIsVisible = 0;
			defaultConfigurationName = Release;
		};
		BE0650282BFB22F4005A9FC5 /* Build configuration list for PBXNativeTarget "Coordinator-Pattern" */ = {
			isa = XCConfigurationList;
			buildConfigurations = (
				BE0650292BFB22F4005A9FC5 /* Debug */,
				BE06502A2BFB22F4005A9FC5 /* Release */,
			);
			defaultConfigurationIsVisible = 0;
			defaultConfigurationName = Release;
		};
/* End XCConfigurationList section */
	};
	rootObject = BE06500C2BFB22F3005A9FC5 /* Project object */;
}
