// !$*UTF8*$!
{
	archiveVersion = 1;
	classes = {
	};
	objectVersion = 56;
	objects = {

/* Begin PBXBuildFile section */
		BE1B37592C4FCFDB00883B97 /* MainVC.swift in Sources */ = {isa = PBXBuildFile; fileRef = BE1B37582C4FCFDB00883B97 /* MainVC.swift */; };
		BE3B1E4B2C1DA50C00104C54 /* AppDelegate.swift in Sources */ = {isa = PBXBuildFile; fileRef = BE3B1E4A2C1DA50C00104C54 /* AppDelegate.swift */; };
		BE3B1E572C1DA50E00104C54 /* Assets.xcassets in Resources */ = {isa = PBXBuildFile; fileRef = BE3B1E562C1DA50E00104C54 /* Assets.xcassets */; };
		BE3B1E5A2C1DA50E00104C54 /* LaunchScreen.storyboard in Resources */ = {isa = PBXBuildFile; fileRef = BE3B1E582C1DA50E00104C54 /* LaunchScreen.storyboard */; };
		BE3B1E652C1DA50E00104C54 /* CoreDataTutorialTests.swift in Sources */ = {isa = PBXBuildFile; fileRef = BE3B1E642C1DA50E00104C54 /* CoreDataTutorialTests.swift */; };
		BE3B1E6F2C1DA50E00104C54 /* CoreDataTutorialUITests.swift in Sources */ = {isa = PBXBuildFile; fileRef = BE3B1E6E2C1DA50E00104C54 /* CoreDataTutorialUITests.swift */; };
		BE3B1E712C1DA50E00104C54 /* CoreDataTutorialUITestsLaunchTests.swift in Sources */ = {isa = PBXBuildFile; fileRef = BE3B1E702C1DA50E00104C54 /* CoreDataTutorialUITestsLaunchTests.swift */; };
		BE3B1E892C1DA7C900104C54 /* HomePresenter.swift in Sources */ = {isa = PBXBuildFile; fileRef = BE3B1E822C1DA7C900104C54 /* HomePresenter.swift */; };
		BE3B1E8A2C1DA7C900104C54 /* HomeWorker.swift in Sources */ = {isa = PBXBuildFile; fileRef = BE3B1E832C1DA7C900104C54 /* HomeWorker.swift */; };
		BE3B1E8B2C1DA7C900104C54 /* HomeRouter.swift in Sources */ = {isa = PBXBuildFile; fileRef = BE3B1E842C1DA7C900104C54 /* HomeRouter.swift */; };
		BE3B1E8C2C1DA7C900104C54 /* HomeModels.swift in Sources */ = {isa = PBXBuildFile; fileRef = BE3B1E852C1DA7C900104C54 /* HomeModels.swift */; };
		BE3B1E8D2C1DA7C900104C54 /* HomeViewController.swift in Sources */ = {isa = PBXBuildFile; fileRef = BE3B1E862C1DA7C900104C54 /* HomeViewController.swift */; };
		BE3B1E8E2C1DA7C900104C54 /* HomeBuilder.swift in Sources */ = {isa = PBXBuildFile; fileRef = BE3B1E872C1DA7C900104C54 /* HomeBuilder.swift */; };
		BE3B1E8F2C1DA7C900104C54 /* HomeInteractor.swift in Sources */ = {isa = PBXBuildFile; fileRef = BE3B1E882C1DA7C900104C54 /* HomeInteractor.swift */; };
		BE3B1E912C1DA92400104C54 /* ServiceManager.swift in Sources */ = {isa = PBXBuildFile; fileRef = BE3B1E902C1DA92400104C54 /* ServiceManager.swift */; };
		BE3B1E932C1DAC2600104C54 /* UserResponse.swift in Sources */ = {isa = PBXBuildFile; fileRef = BE3B1E922C1DAC2600104C54 /* UserResponse.swift */; };
		BE3B1E962C1DAEB400104C54 /* HomeCell.swift in Sources */ = {isa = PBXBuildFile; fileRef = BE3B1E952C1DAEB400104C54 /* HomeCell.swift */; };
		BE3B1E9F2C1DBF2F00104C54 /* DetailPresenter.swift in Sources */ = {isa = PBXBuildFile; fileRef = BE3B1E982C1DBF2F00104C54 /* DetailPresenter.swift */; };
		BE3B1EA02C1DBF2F00104C54 /* DetailWorker.swift in Sources */ = {isa = PBXBuildFile; fileRef = BE3B1E992C1DBF2F00104C54 /* DetailWorker.swift */; };
		BE3B1EA12C1DBF2F00104C54 /* DetailRouter.swift in Sources */ = {isa = PBXBuildFile; fileRef = BE3B1E9A2C1DBF2F00104C54 /* DetailRouter.swift */; };
		BE3B1EA22C1DBF2F00104C54 /* DetailModels.swift in Sources */ = {isa = PBXBuildFile; fileRef = BE3B1E9B2C1DBF2F00104C54 /* DetailModels.swift */; };
		BE3B1EA32C1DBF2F00104C54 /* DetailViewController.swift in Sources */ = {isa = PBXBuildFile; fileRef = BE3B1E9C2C1DBF2F00104C54 /* DetailViewController.swift */; };
		BE3B1EA42C1DBF2F00104C54 /* DetailBuilder.swift in Sources */ = {isa = PBXBuildFile; fileRef = BE3B1E9D2C1DBF2F00104C54 /* DetailBuilder.swift */; };
		BE3B1EA52C1DBF2F00104C54 /* DetailInteractor.swift in Sources */ = {isa = PBXBuildFile; fileRef = BE3B1E9E2C1DBF2F00104C54 /* DetailInteractor.swift */; };
		BE8366842C5B85E7007E5162 /* CoreDataManager.swift in Sources */ = {isa = PBXBuildFile; fileRef = BE8366832C5B85E7007E5162 /* CoreDataManager.swift */; };
		BE83668A2C5B8E52007E5162 /* CoreDataTutorial.xcdatamodeld in Sources */ = {isa = PBXBuildFile; fileRef = BE8366882C5B8E52007E5162 /* CoreDataTutorial.xcdatamodeld */; };
		BE8366932C5B8F83007E5162 /* FavoritePresenter.swift in Sources */ = {isa = PBXBuildFile; fileRef = BE83668C2C5B8F83007E5162 /* FavoritePresenter.swift */; };
		BE8366942C5B8F83007E5162 /* FavoriteWorker.swift in Sources */ = {isa = PBXBuildFile; fileRef = BE83668D2C5B8F83007E5162 /* FavoriteWorker.swift */; };
		BE8366952C5B8F83007E5162 /* FavoriteRouter.swift in Sources */ = {isa = PBXBuildFile; fileRef = BE83668E2C5B8F83007E5162 /* FavoriteRouter.swift */; };
		BE8366962C5B8F83007E5162 /* FavoriteModels.swift in Sources */ = {isa = PBXBuildFile; fileRef = BE83668F2C5B8F83007E5162 /* FavoriteModels.swift */; };
		BE8366972C5B8F83007E5162 /* FavoriteViewController.swift in Sources */ = {isa = PBXBuildFile; fileRef = BE8366902C5B8F83007E5162 /* FavoriteViewController.swift */; };
		BE8366982C5B8F83007E5162 /* FavoriteBuilder.swift in Sources */ = {isa = PBXBuildFile; fileRef = BE8366912C5B8F83007E5162 /* FavoriteBuilder.swift */; };
		BE8366992C5B8F83007E5162 /* FavoriteInteractor.swift in Sources */ = {isa = PBXBuildFile; fileRef = BE8366922C5B8F83007E5162 /* FavoriteInteractor.swift */; };
/* End PBXBuildFile section */

/* Begin PBXContainerItemProxy section */
		BE3B1E612C1DA50E00104C54 /* PBXContainerItemProxy */ = {
			isa = PBXContainerItemProxy;
			containerPortal = BE3B1E3F2C1DA50C00104C54 /* Project object */;
			proxyType = 1;
			remoteGlobalIDString = BE3B1E462C1DA50C00104C54;
			remoteInfo = CoreDataTutorial;
		};
		BE3B1E6B2C1DA50E00104C54 /* PBXContainerItemProxy */ = {
			isa = PBXContainerItemProxy;
			containerPortal = BE3B1E3F2C1DA50C00104C54 /* Project object */;
			proxyType = 1;
			remoteGlobalIDString = BE3B1E462C1DA50C00104C54;
			remoteInfo = CoreDataTutorial;
		};
/* End PBXContainerItemProxy section */

/* Begin PBXFileReference section */
		BE1B37582C4FCFDB00883B97 /* MainVC.swift */ = {isa = PBXFileReference; lastKnownFileType = sourcecode.swift; path = MainVC.swift; sourceTree = "<group>"; };
		BE3B1E472C1DA50C00104C54 /* CoreDataTutorial.app */ = {isa = PBXFileReference; explicitFileType = wrapper.application; includeInIndex = 0; path = CoreDataTutorial.app; sourceTree = BUILT_PRODUCTS_DIR; };
		BE3B1E4A2C1DA50C00104C54 /* AppDelegate.swift */ = {isa = PBXFileReference; lastKnownFileType = sourcecode.swift; path = AppDelegate.swift; sourceTree = "<group>"; };
		BE3B1E562C1DA50E00104C54 /* Assets.xcassets */ = {isa = PBXFileReference; lastKnownFileType = folder.assetcatalog; path = Assets.xcassets; sourceTree = "<group>"; };
		BE3B1E592C1DA50E00104C54 /* Base */ = {isa = PBXFileReference; lastKnownFileType = file.storyboard; name = Base; path = Base.lproj/LaunchScreen.storyboard; sourceTree = "<group>"; };
		BE3B1E5B2C1DA50E00104C54 /* Info.plist */ = {isa = PBXFileReference; lastKnownFileType = text.plist.xml; path = Info.plist; sourceTree = "<group>"; };
		BE3B1E602C1DA50E00104C54 /* CoreDataTutorialTests.xctest */ = {isa = PBXFileReference; explicitFileType = wrapper.cfbundle; includeInIndex = 0; path = CoreDataTutorialTests.xctest; sourceTree = BUILT_PRODUCTS_DIR; };
		BE3B1E642C1DA50E00104C54 /* CoreDataTutorialTests.swift */ = {isa = PBXFileReference; lastKnownFileType = sourcecode.swift; path = CoreDataTutorialTests.swift; sourceTree = "<group>"; };
		BE3B1E6A2C1DA50E00104C54 /* CoreDataTutorialUITests.xctest */ = {isa = PBXFileReference; explicitFileType = wrapper.cfbundle; includeInIndex = 0; path = CoreDataTutorialUITests.xctest; sourceTree = BUILT_PRODUCTS_DIR; };
		BE3B1E6E2C1DA50E00104C54 /* CoreDataTutorialUITests.swift */ = {isa = PBXFileReference; lastKnownFileType = sourcecode.swift; path = CoreDataTutorialUITests.swift; sourceTree = "<group>"; };
		BE3B1E702C1DA50E00104C54 /* CoreDataTutorialUITestsLaunchTests.swift */ = {isa = PBXFileReference; lastKnownFileType = sourcecode.swift; path = CoreDataTutorialUITestsLaunchTests.swift; sourceTree = "<group>"; };
		BE3B1E822C1DA7C900104C54 /* HomePresenter.swift */ = {isa = PBXFileReference; lastKnownFileType = sourcecode.swift; path = HomePresenter.swift; sourceTree = "<group>"; };
		BE3B1E832C1DA7C900104C54 /* HomeWorker.swift */ = {isa = PBXFileReference; lastKnownFileType = sourcecode.swift; path = HomeWorker.swift; sourceTree = "<group>"; };
		BE3B1E842C1DA7C900104C54 /* HomeRouter.swift */ = {isa = PBXFileReference; lastKnownFileType = sourcecode.swift; path = HomeRouter.swift; sourceTree = "<group>"; };
		BE3B1E852C1DA7C900104C54 /* HomeModels.swift */ = {isa = PBXFileReference; lastKnownFileType = sourcecode.swift; path = HomeModels.swift; sourceTree = "<group>"; };
		BE3B1E862C1DA7C900104C54 /* HomeViewController.swift */ = {isa = PBXFileReference; lastKnownFileType = sourcecode.swift; path = HomeViewController.swift; sourceTree = "<group>"; };
		BE3B1E872C1DA7C900104C54 /* HomeBuilder.swift */ = {isa = PBXFileReference; lastKnownFileType = sourcecode.swift; path = HomeBuilder.swift; sourceTree = "<group>"; };
		BE3B1E882C1DA7C900104C54 /* HomeInteractor.swift */ = {isa = PBXFileReference; lastKnownFileType = sourcecode.swift; path = HomeInteractor.swift; sourceTree = "<group>"; };
		BE3B1E902C1DA92400104C54 /* ServiceManager.swift */ = {isa = PBXFileReference; lastKnownFileType = sourcecode.swift; path = ServiceManager.swift; sourceTree = "<group>"; };
		BE3B1E922C1DAC2600104C54 /* UserResponse.swift */ = {isa = PBXFileReference; lastKnownFileType = sourcecode.swift; path = UserResponse.swift; sourceTree = "<group>"; };
		BE3B1E952C1DAEB400104C54 /* HomeCell.swift */ = {isa = PBXFileReference; lastKnownFileType = sourcecode.swift; path = HomeCell.swift; sourceTree = "<group>"; };
		BE3B1E982C1DBF2F00104C54 /* DetailPresenter.swift */ = {isa = PBXFileReference; lastKnownFileType = sourcecode.swift; path = DetailPresenter.swift; sourceTree = "<group>"; };
		BE3B1E992C1DBF2F00104C54 /* DetailWorker.swift */ = {isa = PBXFileReference; lastKnownFileType = sourcecode.swift; path = DetailWorker.swift; sourceTree = "<group>"; };
		BE3B1E9A2C1DBF2F00104C54 /* DetailRouter.swift */ = {isa = PBXFileReference; lastKnownFileType = sourcecode.swift; path = DetailRouter.swift; sourceTree = "<group>"; };
		BE3B1E9B2C1DBF2F00104C54 /* DetailModels.swift */ = {isa = PBXFileReference; lastKnownFileType = sourcecode.swift; path = DetailModels.swift; sourceTree = "<group>"; };
		BE3B1E9C2C1DBF2F00104C54 /* DetailViewController.swift */ = {isa = PBXFileReference; lastKnownFileType = sourcecode.swift; path = DetailViewController.swift; sourceTree = "<group>"; };
		BE3B1E9D2C1DBF2F00104C54 /* DetailBuilder.swift */ = {isa = PBXFileReference; lastKnownFileType = sourcecode.swift; path = DetailBuilder.swift; sourceTree = "<group>"; };
		BE3B1E9E2C1DBF2F00104C54 /* DetailInteractor.swift */ = {isa = PBXFileReference; lastKnownFileType = sourcecode.swift; path = DetailInteractor.swift; sourceTree = "<group>"; };
		BE8366832C5B85E7007E5162 /* CoreDataManager.swift */ = {isa = PBXFileReference; lastKnownFileType = sourcecode.swift; path = CoreDataManager.swift; sourceTree = "<group>"; };
		BE8366892C5B8E52007E5162 /* CoreDataTutorial.xcdatamodel */ = {isa = PBXFileReference; lastKnownFileType = wrapper.xcdatamodel; path = CoreDataTutorial.xcdatamodel; sourceTree = "<group>"; };
		BE83668C2C5B8F83007E5162 /* FavoritePresenter.swift */ = {isa = PBXFileReference; lastKnownFileType = sourcecode.swift; path = FavoritePresenter.swift; sourceTree = "<group>"; };
		BE83668D2C5B8F83007E5162 /* FavoriteWorker.swift */ = {isa = PBXFileReference; lastKnownFileType = sourcecode.swift; path = FavoriteWorker.swift; sourceTree = "<group>"; };
		BE83668E2C5B8F83007E5162 /* FavoriteRouter.swift */ = {isa = PBXFileReference; lastKnownFileType = sourcecode.swift; path = FavoriteRouter.swift; sourceTree = "<group>"; };
		BE83668F2C5B8F83007E5162 /* FavoriteModels.swift */ = {isa = PBXFileReference; lastKnownFileType = sourcecode.swift; path = FavoriteModels.swift; sourceTree = "<group>"; };
		BE8366902C5B8F83007E5162 /* FavoriteViewController.swift */ = {isa = PBXFileReference; lastKnownFileType = sourcecode.swift; path = FavoriteViewController.swift; sourceTree = "<group>"; };
		BE8366912C5B8F83007E5162 /* FavoriteBuilder.swift */ = {isa = PBXFileReference; lastKnownFileType = sourcecode.swift; path = FavoriteBuilder.swift; sourceTree = "<group>"; };
		BE8366922C5B8F83007E5162 /* FavoriteInteractor.swift */ = {isa = PBXFileReference; lastKnownFileType = sourcecode.swift; path = FavoriteInteractor.swift; sourceTree = "<group>"; };
/* End PBXFileReference section */

/* Begin PBXFrameworksBuildPhase section */
		BE3B1E442C1DA50C00104C54 /* Frameworks */ = {
			isa = PBXFrameworksBuildPhase;
			buildActionMask = 2147483647;
			files = (
			);
			runOnlyForDeploymentPostprocessing = 0;
		};
		BE3B1E5D2C1DA50E00104C54 /* Frameworks */ = {
			isa = PBXFrameworksBuildPhase;
			buildActionMask = 2147483647;
			files = (
			);
			runOnlyForDeploymentPostprocessing = 0;
		};
		BE3B1E672C1DA50E00104C54 /* Frameworks */ = {
			isa = PBXFrameworksBuildPhase;
			buildActionMask = 2147483647;
			files = (
			);
			runOnlyForDeploymentPostprocessing = 0;
		};
/* End PBXFrameworksBuildPhase section */

/* Begin PBXGroup section */
		BE1B37572C4FCFC800883B97 /* Controller */ = {
			isa = PBXGroup;
			children = (
				BE1B37582C4FCFDB00883B97 /* MainVC.swift */,
			);
			path = Controller;
			sourceTree = "<group>";
		};
		BE1B375A2C4FD13900883B97 /* App */ = {
			isa = PBXGroup;
			children = (
				BE3B1E4A2C1DA50C00104C54 /* AppDelegate.swift */,
			);
			path = App;
			sourceTree = "<group>";
		};
		BE3B1E3E2C1DA50C00104C54 = {
			isa = PBXGroup;
			children = (
				BE8366882C5B8E52007E5162 /* CoreDataTutorial.xcdatamodeld */,
				BE3B1E492C1DA50C00104C54 /* CoreDataTutorial */,
				BE3B1E482C1DA50C00104C54 /* Products */,
			);
			sourceTree = "<group>";
		};
		BE3B1E482C1DA50C00104C54 /* Products */ = {
			isa = PBXGroup;
			children = (
				BE3B1E472C1DA50C00104C54 /* CoreDataTutorial.app */,
				BE3B1E602C1DA50E00104C54 /* CoreDataTutorialTests.xctest */,
				BE3B1E6A2C1DA50E00104C54 /* CoreDataTutorialUITests.xctest */,
			);
			name = Products;
			sourceTree = "<group>";
		};
		BE3B1E492C1DA50C00104C54 /* CoreDataTutorial */ = {
			isa = PBXGroup;
			children = (
				BE1B375A2C4FD13900883B97 /* App */,
				BE1B37572C4FCFC800883B97 /* Controller */,
				BE3B1E812C1DA79500104C54 /* Service */,
				BE3B1E802C1DA78F00104C54 /* Model */,
				BE3B1EA72C1DBF5100104C54 /* Scenes */,
				BE3B1E7D2C1DA52500104C54 /* Files */,
				BE3B1E632C1DA50E00104C54 /* CoreDataTutorialTests */,
				BE3B1E6D2C1DA50E00104C54 /* CoreDataTutorialUITests */,
			);
			path = CoreDataTutorial;
			sourceTree = "<group>";
		};
		BE3B1E632C1DA50E00104C54 /* CoreDataTutorialTests */ = {
			isa = PBXGroup;
			children = (
				BE3B1E642C1DA50E00104C54 /* CoreDataTutorialTests.swift */,
			);
			path = CoreDataTutorialTests;
			sourceTree = "<group>";
		};
		BE3B1E6D2C1DA50E00104C54 /* CoreDataTutorialUITests */ = {
			isa = PBXGroup;
			children = (
				BE3B1E6E2C1DA50E00104C54 /* CoreDataTutorialUITests.swift */,
				BE3B1E702C1DA50E00104C54 /* CoreDataTutorialUITestsLaunchTests.swift */,
			);
			path = CoreDataTutorialUITests;
			sourceTree = "<group>";
		};
		BE3B1E7D2C1DA52500104C54 /* Files */ = {
			isa = PBXGroup;
			children = (
				BE3B1E562C1DA50E00104C54 /* Assets.xcassets */,
				BE3B1E582C1DA50E00104C54 /* LaunchScreen.storyboard */,
				BE3B1E5B2C1DA50E00104C54 /* Info.plist */,
			);
			name = Files;
			sourceTree = "<group>";
		};
		BE3B1E802C1DA78F00104C54 /* Model */ = {
			isa = PBXGroup;
			children = (
				BE3B1E922C1DAC2600104C54 /* UserResponse.swift */,
			);
			path = Model;
			sourceTree = "<group>";
		};
		BE3B1E812C1DA79500104C54 /* Service */ = {
			isa = PBXGroup;
			children = (
				BE3B1E902C1DA92400104C54 /* ServiceManager.swift */,
				BE8366832C5B85E7007E5162 /* CoreDataManager.swift */,
			);
			path = Service;
			sourceTree = "<group>";
		};
		BE3B1EA72C1DBF5100104C54 /* Scenes */ = {
			isa = PBXGroup;
			children = (
				BE83668B2C5B8F6D007E5162 /* Favorite */,
				BE3B1EA92C1DBF6800104C54 /* Home */,
				BE3B1EA82C1DBF6000104C54 /* Detail */,
			);
			path = Scenes;
			sourceTree = "<group>";
		};
		BE3B1EA82C1DBF6000104C54 /* Detail */ = {
			isa = PBXGroup;
			children = (
				BE3B1E982C1DBF2F00104C54 /* DetailPresenter.swift */,
				BE3B1E9C2C1DBF2F00104C54 /* DetailViewController.swift */,
				BE3B1E992C1DBF2F00104C54 /* DetailWorker.swift */,
				BE3B1E9A2C1DBF2F00104C54 /* DetailRouter.swift */,
				BE3B1E9B2C1DBF2F00104C54 /* DetailModels.swift */,
				BE3B1E9D2C1DBF2F00104C54 /* DetailBuilder.swift */,
				BE3B1E9E2C1DBF2F00104C54 /* DetailInteractor.swift */,
			);
			path = Detail;
			sourceTree = "<group>";
		};
		BE3B1EA92C1DBF6800104C54 /* Home */ = {
			isa = PBXGroup;
			children = (
				BE3B1EAA2C1DBF7200104C54 /* View */,
				BE3B1E872C1DA7C900104C54 /* HomeBuilder.swift */,
				BE3B1E862C1DA7C900104C54 /* HomeViewController.swift */,
				BE3B1E852C1DA7C900104C54 /* HomeModels.swift */,
				BE3B1E832C1DA7C900104C54 /* HomeWorker.swift */,
				BE3B1E882C1DA7C900104C54 /* HomeInteractor.swift */,
				BE3B1E822C1DA7C900104C54 /* HomePresenter.swift */,
				BE3B1E842C1DA7C900104C54 /* HomeRouter.swift */,
			);
			path = Home;
			sourceTree = "<group>";
		};
		BE3B1EAA2C1DBF7200104C54 /* View */ = {
			isa = PBXGroup;
			children = (
				BE3B1E952C1DAEB400104C54 /* HomeCell.swift */,
			);
			path = View;
			sourceTree = "<group>";
		};
		BE83668B2C5B8F6D007E5162 /* Favorite */ = {
			isa = PBXGroup;
			children = (
				BE83668C2C5B8F83007E5162 /* FavoritePresenter.swift */,
				BE83668D2C5B8F83007E5162 /* FavoriteWorker.swift */,
				BE83668E2C5B8F83007E5162 /* FavoriteRouter.swift */,
				BE83668F2C5B8F83007E5162 /* FavoriteModels.swift */,
				BE8366902C5B8F83007E5162 /* FavoriteViewController.swift */,
				BE8366912C5B8F83007E5162 /* FavoriteBuilder.swift */,
				BE8366922C5B8F83007E5162 /* FavoriteInteractor.swift */,
			);
			path = Favorite;
			sourceTree = "<group>";
		};
/* End PBXGroup section */

/* Begin PBXNativeTarget section */
		BE3B1E462C1DA50C00104C54 /* CoreDataTutorial */ = {
			isa = PBXNativeTarget;
			buildConfigurationList = BE3B1E742C1DA50E00104C54 /* Build configuration list for PBXNativeTarget "CoreDataTutorial" */;
			buildPhases = (
				BE3B1E432C1DA50C00104C54 /* Sources */,
				BE3B1E442C1DA50C00104C54 /* Frameworks */,
				BE3B1E452C1DA50C00104C54 /* Resources */,
			);
			buildRules = (
			);
			dependencies = (
			);
			name = CoreDataTutorial;
			productName = CoreDataTutorial;
			productReference = BE3B1E472C1DA50C00104C54 /* CoreDataTutorial.app */;
			productType = "com.apple.product-type.application";
		};
		BE3B1E5F2C1DA50E00104C54 /* CoreDataTutorialTests */ = {
			isa = PBXNativeTarget;
			buildConfigurationList = BE3B1E772C1DA50E00104C54 /* Build configuration list for PBXNativeTarget "CoreDataTutorialTests" */;
			buildPhases = (
				BE3B1E5C2C1DA50E00104C54 /* Sources */,
				BE3B1E5D2C1DA50E00104C54 /* Frameworks */,
				BE3B1E5E2C1DA50E00104C54 /* Resources */,
			);
			buildRules = (
			);
			dependencies = (
				BE3B1E622C1DA50E00104C54 /* PBXTargetDependency */,
			);
			name = CoreDataTutorialTests;
			productName = CoreDataTutorialTests;
			productReference = BE3B1E602C1DA50E00104C54 /* CoreDataTutorialTests.xctest */;
			productType = "com.apple.product-type.bundle.unit-test";
		};
		BE3B1E692C1DA50E00104C54 /* CoreDataTutorialUITests */ = {
			isa = PBXNativeTarget;
			buildConfigurationList = BE3B1E7A2C1DA50E00104C54 /* Build configuration list for PBXNativeTarget "CoreDataTutorialUITests" */;
			buildPhases = (
				BE3B1E662C1DA50E00104C54 /* Sources */,
				BE3B1E672C1DA50E00104C54 /* Frameworks */,
				BE3B1E682C1DA50E00104C54 /* Resources */,
			);
			buildRules = (
			);
			dependencies = (
				BE3B1E6C2C1DA50E00104C54 /* PBXTargetDependency */,
			);
			name = CoreDataTutorialUITests;
			productName = CoreDataTutorialUITests;
			productReference = BE3B1E6A2C1DA50E00104C54 /* CoreDataTutorialUITests.xctest */;
			productType = "com.apple.product-type.bundle.ui-testing";
		};
/* End PBXNativeTarget section */

/* Begin PBXProject section */
		BE3B1E3F2C1DA50C00104C54 /* Project object */ = {
			isa = PBXProject;
			attributes = {
				BuildIndependentTargetsInParallel = 1;
				LastSwiftUpdateCheck = 1520;
				LastUpgradeCheck = 1520;
				TargetAttributes = {
					BE3B1E462C1DA50C00104C54 = {
						CreatedOnToolsVersion = 15.2;
					};
					BE3B1E5F2C1DA50E00104C54 = {
						CreatedOnToolsVersion = 15.2;
						TestTargetID = BE3B1E462C1DA50C00104C54;
					};
					BE3B1E692C1DA50E00104C54 = {
						CreatedOnToolsVersion = 15.2;
						TestTargetID = BE3B1E462C1DA50C00104C54;
					};
				};
			};
			buildConfigurationList = BE3B1E422C1DA50C00104C54 /* Build configuration list for PBXProject "CoreDataTutorial" */;
			compatibilityVersion = "Xcode 14.0";
			developmentRegion = en;
			hasScannedForEncodings = 0;
			knownRegions = (
				en,
				Base,
			);
			mainGroup = BE3B1E3E2C1DA50C00104C54;
			productRefGroup = BE3B1E482C1DA50C00104C54 /* Products */;
			projectDirPath = "";
			projectRoot = "";
			targets = (
				BE3B1E462C1DA50C00104C54 /* CoreDataTutorial */,
				BE3B1E5F2C1DA50E00104C54 /* CoreDataTutorialTests */,
				BE3B1E692C1DA50E00104C54 /* CoreDataTutorialUITests */,
			);
		};
/* End PBXProject section */

/* Begin PBXResourcesBuildPhase section */
		BE3B1E452C1DA50C00104C54 /* Resources */ = {
			isa = PBXResourcesBuildPhase;
			buildActionMask = 2147483647;
			files = (
				BE3B1E5A2C1DA50E00104C54 /* LaunchScreen.storyboard in Resources */,
				BE3B1E572C1DA50E00104C54 /* Assets.xcassets in Resources */,
			);
			runOnlyForDeploymentPostprocessing = 0;
		};
		BE3B1E5E2C1DA50E00104C54 /* Resources */ = {
			isa = PBXResourcesBuildPhase;
			buildActionMask = 2147483647;
			files = (
			);
			runOnlyForDeploymentPostprocessing = 0;
		};
		BE3B1E682C1DA50E00104C54 /* Resources */ = {
			isa = PBXResourcesBuildPhase;
			buildActionMask = 2147483647;
			files = (
			);
			runOnlyForDeploymentPostprocessing = 0;
		};
/* End PBXResourcesBuildPhase section */

/* Begin PBXSourcesBuildPhase section */
		BE3B1E432C1DA50C00104C54 /* Sources */ = {
			isa = PBXSourcesBuildPhase;
			buildActionMask = 2147483647;
			files = (
				BE8366982C5B8F83007E5162 /* FavoriteBuilder.swift in Sources */,
				BE3B1EA12C1DBF2F00104C54 /* DetailRouter.swift in Sources */,
				BE1B37592C4FCFDB00883B97 /* MainVC.swift in Sources */,
				BE83668A2C5B8E52007E5162 /* CoreDataTutorial.xcdatamodeld in Sources */,
				BE3B1EA32C1DBF2F00104C54 /* DetailViewController.swift in Sources */,
				BE3B1E892C1DA7C900104C54 /* HomePresenter.swift in Sources */,
				BE3B1E8A2C1DA7C900104C54 /* HomeWorker.swift in Sources */,
				BE3B1EA22C1DBF2F00104C54 /* DetailModels.swift in Sources */,
				BE3B1E4B2C1DA50C00104C54 /* AppDelegate.swift in Sources */,
				BE8366952C5B8F83007E5162 /* FavoriteRouter.swift in Sources */,
				BE3B1EA52C1DBF2F00104C54 /* DetailInteractor.swift in Sources */,
				BE3B1E8E2C1DA7C900104C54 /* HomeBuilder.swift in Sources */,
				BE3B1E8C2C1DA7C900104C54 /* HomeModels.swift in Sources */,
				BE3B1E8F2C1DA7C900104C54 /* HomeInteractor.swift in Sources */,
				BE8366942C5B8F83007E5162 /* FavoriteWorker.swift in Sources */,
				BE8366842C5B85E7007E5162 /* CoreDataManager.swift in Sources */,
				BE3B1E8D2C1DA7C900104C54 /* HomeViewController.swift in Sources */,
				BE3B1E8B2C1DA7C900104C54 /* HomeRouter.swift in Sources */,
				BE8366992C5B8F83007E5162 /* FavoriteInteractor.swift in Sources */,
				BE3B1E912C1DA92400104C54 /* ServiceManager.swift in Sources */,
				BE3B1E9F2C1DBF2F00104C54 /* DetailPresenter.swift in Sources */,
				BE8366962C5B8F83007E5162 /* FavoriteModels.swift in Sources */,
				BE3B1EA42C1DBF2F00104C54 /* DetailBuilder.swift in Sources */,
				BE3B1E962C1DAEB400104C54 /* HomeCell.swift in Sources */,
				BE8366972C5B8F83007E5162 /* FavoriteViewController.swift in Sources */,
				BE3B1EA02C1DBF2F00104C54 /* DetailWorker.swift in Sources */,
				BE8366932C5B8F83007E5162 /* FavoritePresenter.swift in Sources */,
				BE3B1E932C1DAC2600104C54 /* UserResponse.swift in Sources */,
			);
			runOnlyForDeploymentPostprocessing = 0;
		};
		BE3B1E5C2C1DA50E00104C54 /* Sources */ = {
			isa = PBXSourcesBuildPhase;
			buildActionMask = 2147483647;
			files = (
				BE3B1E652C1DA50E00104C54 /* CoreDataTutorialTests.swift in Sources */,
			);
			runOnlyForDeploymentPostprocessing = 0;
		};
		BE3B1E662C1DA50E00104C54 /* Sources */ = {
			isa = PBXSourcesBuildPhase;
			buildActionMask = 2147483647;
			files = (
				BE3B1E6F2C1DA50E00104C54 /* CoreDataTutorialUITests.swift in Sources */,
				BE3B1E712C1DA50E00104C54 /* CoreDataTutorialUITestsLaunchTests.swift in Sources */,
			);
			runOnlyForDeploymentPostprocessing = 0;
		};
/* End PBXSourcesBuildPhase section */

/* Begin PBXTargetDependency section */
		BE3B1E622C1DA50E00104C54 /* PBXTargetDependency */ = {
			isa = PBXTargetDependency;
			target = BE3B1E462C1DA50C00104C54 /* CoreDataTutorial */;
			targetProxy = BE3B1E612C1DA50E00104C54 /* PBXContainerItemProxy */;
		};
		BE3B1E6C2C1DA50E00104C54 /* PBXTargetDependency */ = {
			isa = PBXTargetDependency;
			target = BE3B1E462C1DA50C00104C54 /* CoreDataTutorial */;
			targetProxy = BE3B1E6B2C1DA50E00104C54 /* PBXContainerItemProxy */;
		};
/* End PBXTargetDependency section */

/* Begin PBXVariantGroup section */
		BE3B1E582C1DA50E00104C54 /* LaunchScreen.storyboard */ = {
			isa = PBXVariantGroup;
			children = (
				BE3B1E592C1DA50E00104C54 /* Base */,
			);
			name = LaunchScreen.storyboard;
			sourceTree = "<group>";
		};
/* End PBXVariantGroup section */

/* Begin XCBuildConfiguration section */
		BE3B1E722C1DA50E00104C54 /* Debug */ = {
			isa = XCBuildConfiguration;
			buildSettings = {
				ALWAYS_SEARCH_USER_PATHS = NO;
				ASSETCATALOG_COMPILER_GENERATE_SWIFT_ASSET_SYMBOL_EXTENSIONS = YES;
				CLANG_ANALYZER_NONNULL = YES;
				CLANG_ANALYZER_NUMBER_OBJECT_CONVERSION = YES_AGGRESSIVE;
				CLANG_CXX_LANGUAGE_STANDARD = "gnu++20";
				CLANG_ENABLE_MODULES = YES;
				CLANG_ENABLE_OBJC_ARC = YES;
				CLANG_ENABLE_OBJC_WEAK = YES;
				CLANG_WARN_BLOCK_CAPTURE_AUTORELEASING = YES;
				CLANG_WARN_BOOL_CONVERSION = YES;
				CLANG_WARN_COMMA = YES;
				CLANG_WARN_CONSTANT_CONVERSION = YES;
				CLANG_WARN_DEPRECATED_OBJC_IMPLEMENTATIONS = YES;
				CLANG_WARN_DIRECT_OBJC_ISA_USAGE = YES_ERROR;
				CLANG_WARN_DOCUMENTATION_COMMENTS = YES;
				CLANG_WARN_EMPTY_BODY = YES;
				CLANG_WARN_ENUM_CONVERSION = YES;
				CLANG_WARN_INFINITE_RECURSION = YES;
				CLANG_WARN_INT_CONVERSION = YES;
				CLANG_WARN_NON_LITERAL_NULL_CONVERSION = YES;
				CLANG_WARN_OBJC_IMPLICIT_RETAIN_SELF = YES;
				CLANG_WARN_OBJC_LITERAL_CONVERSION = YES;
				CLANG_WARN_OBJC_ROOT_CLASS = YES_ERROR;
				CLANG_WARN_QUOTED_INCLUDE_IN_FRAMEWORK_HEADER = YES;
				CLANG_WARN_RANGE_LOOP_ANALYSIS = YES;
				CLANG_WARN_STRICT_PROTOTYPES = YES;
				CLANG_WARN_SUSPICIOUS_MOVE = YES;
				CLANG_WARN_UNGUARDED_AVAILABILITY = YES_AGGRESSIVE;
				CLANG_WARN_UNREACHABLE_CODE = YES;
				CLANG_WARN__DUPLICATE_METHOD_MATCH = YES;
				COPY_PHASE_STRIP = NO;
				DEBUG_INFORMATION_FORMAT = dwarf;
				ENABLE_STRICT_OBJC_MSGSEND = YES;
				ENABLE_TESTABILITY = YES;
				ENABLE_USER_SCRIPT_SANDBOXING = YES;
				GCC_C_LANGUAGE_STANDARD = gnu17;
				GCC_DYNAMIC_NO_PIC = NO;
				GCC_NO_COMMON_BLOCKS = YES;
				GCC_OPTIMIZATION_LEVEL = 0;
				GCC_PREPROCESSOR_DEFINITIONS = (
					"DEBUG=1",
					"$(inherited)",
				);
				GCC_WARN_64_TO_32_BIT_CONVERSION = YES;
				GCC_WARN_ABOUT_RETURN_TYPE = YES_ERROR;
				GCC_WARN_UNDECLARED_SELECTOR = YES;
				GCC_WARN_UNINITIALIZED_AUTOS = YES_AGGRESSIVE;
				GCC_WARN_UNUSED_FUNCTION = YES;
				GCC_WARN_UNUSED_VARIABLE = YES;
				IPHONEOS_DEPLOYMENT_TARGET = 17.2;
				LOCALIZATION_PREFERS_STRING_CATALOGS = YES;
				MTL_ENABLE_DEBUG_INFO = INCLUDE_SOURCE;
				MTL_FAST_MATH = YES;
				ONLY_ACTIVE_ARCH = YES;
				SDKROOT = iphoneos;
				SWIFT_ACTIVE_COMPILATION_CONDITIONS = "DEBUG $(inherited)";
				SWIFT_OPTIMIZATION_LEVEL = "-Onone";
			};
			name = Debug;
		};
		BE3B1E732C1DA50E00104C54 /* Release */ = {
			isa = XCBuildConfiguration;
			buildSettings = {
				ALWAYS_SEARCH_USER_PATHS = NO;
				ASSETCATALOG_COMPILER_GENERATE_SWIFT_ASSET_SYMBOL_EXTENSIONS = YES;
				CLANG_ANALYZER_NONNULL = YES;
				CLANG_ANALYZER_NUMBER_OBJECT_CONVERSION = YES_AGGRESSIVE;
				CLANG_CXX_LANGUAGE_STANDARD = "gnu++20";
				CLANG_ENABLE_MODULES = YES;
				CLANG_ENABLE_OBJC_ARC = YES;
				CLANG_ENABLE_OBJC_WEAK = YES;
				CLANG_WARN_BLOCK_CAPTURE_AUTORELEASING = YES;
				CLANG_WARN_BOOL_CONVERSION = YES;
				CLANG_WARN_COMMA = YES;
				CLANG_WARN_CONSTANT_CONVERSION = YES;
				CLANG_WARN_DEPRECATED_OBJC_IMPLEMENTATIONS = YES;
				CLANG_WARN_DIRECT_OBJC_ISA_USAGE = YES_ERROR;
				CLANG_WARN_DOCUMENTATION_COMMENTS = YES;
				CLANG_WARN_EMPTY_BODY = YES;
				CLANG_WARN_ENUM_CONVERSION = YES;
				CLANG_WARN_INFINITE_RECURSION = YES;
				CLANG_WARN_INT_CONVERSION = YES;
				CLANG_WARN_NON_LITERAL_NULL_CONVERSION = YES;
				CLANG_WARN_OBJC_IMPLICIT_RETAIN_SELF = YES;
				CLANG_WARN_OBJC_LITERAL_CONVERSION = YES;
				CLANG_WARN_OBJC_ROOT_CLASS = YES_ERROR;
				CLANG_WARN_QUOTED_INCLUDE_IN_FRAMEWORK_HEADER = YES;
				CLANG_WARN_RANGE_LOOP_ANALYSIS = YES;
				CLANG_WARN_STRICT_PROTOTYPES = YES;
				CLANG_WARN_SUSPICIOUS_MOVE = YES;
				CLANG_WARN_UNGUARDED_AVAILABILITY = YES_AGGRESSIVE;
				CLANG_WARN_UNREACHABLE_CODE = YES;
				CLANG_WARN__DUPLICATE_METHOD_MATCH = YES;
				COPY_PHASE_STRIP = NO;
				DEBUG_INFORMATION_FORMAT = "dwarf-with-dsym";
				ENABLE_NS_ASSERTIONS = NO;
				ENABLE_STRICT_OBJC_MSGSEND = YES;
				ENABLE_USER_SCRIPT_SANDBOXING = YES;
				GCC_C_LANGUAGE_STANDARD = gnu17;
				GCC_NO_COMMON_BLOCKS = YES;
				GCC_WARN_64_TO_32_BIT_CONVERSION = YES;
				GCC_WARN_ABOUT_RETURN_TYPE = YES_ERROR;
				GCC_WARN_UNDECLARED_SELECTOR = YES;
				GCC_WARN_UNINITIALIZED_AUTOS = YES_AGGRESSIVE;
				GCC_WARN_UNUSED_FUNCTION = YES;
				GCC_WARN_UNUSED_VARIABLE = YES;
				IPHONEOS_DEPLOYMENT_TARGET = 17.2;
				LOCALIZATION_PREFERS_STRING_CATALOGS = YES;
				MTL_ENABLE_DEBUG_INFO = NO;
				MTL_FAST_MATH = YES;
				SDKROOT = iphoneos;
				SWIFT_COMPILATION_MODE = wholemodule;
				VALIDATE_PRODUCT = YES;
			};
			name = Release;
		};
		BE3B1E752C1DA50E00104C54 /* Debug */ = {
			isa = XCBuildConfiguration;
			buildSettings = {
				ASSETCATALOG_COMPILER_APPICON_NAME = AppIcon;
				ASSETCATALOG_COMPILER_GLOBAL_ACCENT_COLOR_NAME = AccentColor;
				CODE_SIGN_STYLE = Automatic;
				CURRENT_PROJECT_VERSION = 1;
				DEVELOPMENT_TEAM = 9N2C3RSUH8;
				GENERATE_INFOPLIST_FILE = YES;
				INFOPLIST_FILE = CoreDataTutorial/Info.plist;
				INFOPLIST_KEY_UIApplicationSupportsIndirectInputEvents = YES;
				INFOPLIST_KEY_UILaunchStoryboardName = LaunchScreen;
				INFOPLIST_KEY_UISupportedInterfaceOrientations_iPad = "UIInterfaceOrientationPortrait UIInterfaceOrientationPortraitUpsideDown UIInterfaceOrientationLandscapeLeft UIInterfaceOrientationLandscapeRight";
				INFOPLIST_KEY_UISupportedInterfaceOrientations_iPhone = "UIInterfaceOrientationPortrait UIInterfaceOrientationLandscapeLeft UIInterfaceOrientationLandscapeRight";
				LD_RUNPATH_SEARCH_PATHS = (
					"$(inherited)",
					"@executable_path/Frameworks",
				);
				MARKETING_VERSION = 1.0;
				PRODUCT_BUNDLE_IDENTIFIER = com.iosdevbaran.CoreDataTutorial;
				PRODUCT_NAME = "$(TARGET_NAME)";
				SWIFT_EMIT_LOC_STRINGS = YES;
				SWIFT_VERSION = 5.0;
				TARGETED_DEVICE_FAMILY = "1,2";
			};
			name = Debug;
		};
		BE3B1E762C1DA50E00104C54 /* Release */ = {
			isa = XCBuildConfiguration;
			buildSettings = {
				ASSETCATALOG_COMPILER_APPICON_NAME = AppIcon;
				ASSETCATALOG_COMPILER_GLOBAL_ACCENT_COLOR_NAME = AccentColor;
				CODE_SIGN_STYLE = Automatic;
				CURRENT_PROJECT_VERSION = 1;
				DEVELOPMENT_TEAM = 9N2C3RSUH8;
				GENERATE_INFOPLIST_FILE = YES;
				INFOPLIST_FILE = CoreDataTutorial/Info.plist;
				INFOPLIST_KEY_UIApplicationSupportsIndirectInputEvents = YES;
				INFOPLIST_KEY_UILaunchStoryboardName = LaunchScreen;
				INFOPLIST_KEY_UISupportedInterfaceOrientations_iPad = "UIInterfaceOrientationPortrait UIInterfaceOrientationPortraitUpsideDown UIInterfaceOrientationLandscapeLeft UIInterfaceOrientationLandscapeRight";
				INFOPLIST_KEY_UISupportedInterfaceOrientations_iPhone = "UIInterfaceOrientationPortrait UIInterfaceOrientationLandscapeLeft UIInterfaceOrientationLandscapeRight";
				LD_RUNPATH_SEARCH_PATHS = (
					"$(inherited)",
					"@executable_path/Frameworks",
				);
				MARKETING_VERSION = 1.0;
				PRODUCT_BUNDLE_IDENTIFIER = com.iosdevbaran.CoreDataTutorial;
				PRODUCT_NAME = "$(TARGET_NAME)";
				SWIFT_EMIT_LOC_STRINGS = YES;
				SWIFT_VERSION = 5.0;
				TARGETED_DEVICE_FAMILY = "1,2";
			};
			name = Release;
		};
		BE3B1E782C1DA50E00104C54 /* Debug */ = {
			isa = XCBuildConfiguration;
			buildSettings = {
				ALWAYS_EMBED_SWIFT_STANDARD_LIBRARIES = YES;
				BUNDLE_LOADER = "$(TEST_HOST)";
				CODE_SIGN_STYLE = Automatic;
				CURRENT_PROJECT_VERSION = 1;
				DEVELOPMENT_TEAM = 9N2C3RSUH8;
				GENERATE_INFOPLIST_FILE = YES;
				IPHONEOS_DEPLOYMENT_TARGET = 17.2;
				MARKETING_VERSION = 1.0;
				PRODUCT_BUNDLE_IDENTIFIER = com.iosdevbaran.CoreDataTutorialTests;
				PRODUCT_NAME = "$(TARGET_NAME)";
				SWIFT_EMIT_LOC_STRINGS = NO;
				SWIFT_VERSION = 5.0;
				TARGETED_DEVICE_FAMILY = "1,2";
				TEST_HOST = "$(BUILT_PRODUCTS_DIR)/CoreDataTutorial.app/$(BUNDLE_EXECUTABLE_FOLDER_PATH)/CoreDataTutorial";
			};
			name = Debug;
		};
		BE3B1E792C1DA50E00104C54 /* Release */ = {
			isa = XCBuildConfiguration;
			buildSettings = {
				ALWAYS_EMBED_SWIFT_STANDARD_LIBRARIES = YES;
				BUNDLE_LOADER = "$(TEST_HOST)";
				CODE_SIGN_STYLE = Automatic;
				CURRENT_PROJECT_VERSION = 1;
				DEVELOPMENT_TEAM = 9N2C3RSUH8;
				GENERATE_INFOPLIST_FILE = YES;
				IPHONEOS_DEPLOYMENT_TARGET = 17.2;
				MARKETING_VERSION = 1.0;
				PRODUCT_BUNDLE_IDENTIFIER = com.iosdevbaran.CoreDataTutorialTests;
				PRODUCT_NAME = "$(TARGET_NAME)";
				SWIFT_EMIT_LOC_STRINGS = NO;
				SWIFT_VERSION = 5.0;
				TARGETED_DEVICE_FAMILY = "1,2";
				TEST_HOST = "$(BUILT_PRODUCTS_DIR)/CoreDataTutorial.app/$(BUNDLE_EXECUTABLE_FOLDER_PATH)/CoreDataTutorial";
			};
			name = Release;
		};
		BE3B1E7B2C1DA50E00104C54 /* Debug */ = {
			isa = XCBuildConfiguration;
			buildSettings = {
				ALWAYS_EMBED_SWIFT_STANDARD_LIBRARIES = YES;
				CODE_SIGN_STYLE = Automatic;
				CURRENT_PROJECT_VERSION = 1;
				DEVELOPMENT_TEAM = 9N2C3RSUH8;
				GENERATE_INFOPLIST_FILE = YES;
				MARKETING_VERSION = 1.0;
				PRODUCT_BUNDLE_IDENTIFIER = com.iosdevbaran.CoreDataTutorialUITests;
				PRODUCT_NAME = "$(TARGET_NAME)";
				SWIFT_EMIT_LOC_STRINGS = NO;
				SWIFT_VERSION = 5.0;
				TARGETED_DEVICE_FAMILY = "1,2";
				TEST_TARGET_NAME = CoreDataTutorial;
			};
			name = Debug;
		};
		BE3B1E7C2C1DA50E00104C54 /* Release */ = {
			isa = XCBuildConfiguration;
			buildSettings = {
				ALWAYS_EMBED_SWIFT_STANDARD_LIBRARIES = YES;
				CODE_SIGN_STYLE = Automatic;
				CURRENT_PROJECT_VERSION = 1;
				DEVELOPMENT_TEAM = 9N2C3RSUH8;
				GENERATE_INFOPLIST_FILE = YES;
				MARKETING_VERSION = 1.0;
				PRODUCT_BUNDLE_IDENTIFIER = com.iosdevbaran.CoreDataTutorialUITests;
				PRODUCT_NAME = "$(TARGET_NAME)";
				SWIFT_EMIT_LOC_STRINGS = NO;
				SWIFT_VERSION = 5.0;
				TARGETED_DEVICE_FAMILY = "1,2";
				TEST_TARGET_NAME = CoreDataTutorial;
			};
			name = Release;
		};
/* End XCBuildConfiguration section */

/* Begin XCConfigurationList section */
		BE3B1E422C1DA50C00104C54 /* Build configuration list for PBXProject "CoreDataTutorial" */ = {
			isa = XCConfigurationList;
			buildConfigurations = (
				BE3B1E722C1DA50E00104C54 /* Debug */,
				BE3B1E732C1DA50E00104C54 /* Release */,
			);
			defaultConfigurationIsVisible = 0;
			defaultConfigurationName = Release;
		};
		BE3B1E742C1DA50E00104C54 /* Build configuration list for PBXNativeTarget "CoreDataTutorial" */ = {
			isa = XCConfigurationList;
			buildConfigurations = (
				BE3B1E752C1DA50E00104C54 /* Debug */,
				BE3B1E762C1DA50E00104C54 /* Release */,
			);
			defaultConfigurationIsVisible = 0;
			defaultConfigurationName = Release;
		};
		BE3B1E772C1DA50E00104C54 /* Build configuration list for PBXNativeTarget "CoreDataTutorialTests" */ = {
			isa = XCConfigurationList;
			buildConfigurations = (
				BE3B1E782C1DA50E00104C54 /* Debug */,
				BE3B1E792C1DA50E00104C54 /* Release */,
			);
			defaultConfigurationIsVisible = 0;
			defaultConfigurationName = Release;
		};
		BE3B1E7A2C1DA50E00104C54 /* Build configuration list for PBXNativeTarget "CoreDataTutorialUITests" */ = {
			isa = XCConfigurationList;
			buildConfigurations = (
				BE3B1E7B2C1DA50E00104C54 /* Debug */,
				BE3B1E7C2C1DA50E00104C54 /* Release */,
			);
			defaultConfigurationIsVisible = 0;
			defaultConfigurationName = Release;
		};
/* End XCConfigurationList section */

/* Begin XCVersionGroup section */
		BE8366882C5B8E52007E5162 /* CoreDataTutorial.xcdatamodeld */ = {
			isa = XCVersionGroup;
			children = (
				BE8366892C5B8E52007E5162 /* CoreDataTutorial.xcdatamodel */,
			);
			currentVersion = BE8366892C5B8E52007E5162 /* CoreDataTutorial.xcdatamodel */;
			path = CoreDataTutorial.xcdatamodeld;
			sourceTree = "<group>";
			versionGroupType = wrapper.xcdatamodel;
		};
/* End XCVersionGroup section */
	};
	rootObject = BE3B1E3F2C1DA50C00104C54 /* Project object */;
}
